// !$*UTF8*$!
{
	archiveVersion = 1;
	classes = {
	};
	objectVersion = 56;
	objects = {

/* Begin PBXBuildFile section */
		E7DABD6728FEFD8F00986C00 /* AppDelegate.swift in Sources */ = {isa = PBXBuildFile; fileRef = E7DABD6628FEFD8F00986C00 /* AppDelegate.swift */; };
		E7DABD6928FEFD8F00986C00 /* SceneDelegate.swift in Sources */ = {isa = PBXBuildFile; fileRef = E7DABD6828FEFD8F00986C00 /* SceneDelegate.swift */; };
		E7DABD6B28FEFD8F00986C00 /* ViewController.swift in Sources */ = {isa = PBXBuildFile; fileRef = E7DABD6A28FEFD8F00986C00 /* ViewController.swift */; };
		E7DABD6E28FEFD8F00986C00 /* Main.storyboard in Resources */ = {isa = PBXBuildFile; fileRef = E7DABD6C28FEFD8F00986C00 /* Main.storyboard */; };
		E7DABD7028FEFD9000986C00 /* Assets.xcassets in Resources */ = {isa = PBXBuildFile; fileRef = E7DABD6F28FEFD9000986C00 /* Assets.xcassets */; };
		E7DABD7328FEFD9000986C00 /* LaunchScreen.storyboard in Resources */ = {isa = PBXBuildFile; fileRef = E7DABD7128FEFD9000986C00 /* LaunchScreen.storyboard */; };
		E7DABD7E28FEFD9000986C00 /* UIKit07_PhotoGalleryAppTests.swift in Sources */ = {isa = PBXBuildFile; fileRef = E7DABD7D28FEFD9000986C00 /* UIKit07_PhotoGalleryAppTests.swift */; };
		E7DABD8828FEFD9000986C00 /* UIKit07_PhotoGalleryAppUITests.swift in Sources */ = {isa = PBXBuildFile; fileRef = E7DABD8728FEFD9000986C00 /* UIKit07_PhotoGalleryAppUITests.swift */; };
		E7DABD8A28FEFD9000986C00 /* UIKit07_PhotoGalleryAppUITestsLaunchTests.swift in Sources */ = {isa = PBXBuildFile; fileRef = E7DABD8928FEFD9000986C00 /* UIKit07_PhotoGalleryAppUITestsLaunchTests.swift */; };
		E7DABD9728FF014600986C00 /* PhotoCell.swift in Sources */ = {isa = PBXBuildFile; fileRef = E7DABD9628FF014600986C00 /* PhotoCell.swift */; };
/* End PBXBuildFile section */

/* Begin PBXContainerItemProxy section */
		E7DABD7A28FEFD9000986C00 /* PBXContainerItemProxy */ = {
			isa = PBXContainerItemProxy;
			containerPortal = E7DABD5B28FEFD8F00986C00 /* Project object */;
			proxyType = 1;
			remoteGlobalIDString = E7DABD6228FEFD8F00986C00;
			remoteInfo = UIKit07_PhotoGalleryApp;
		};
		E7DABD8428FEFD9000986C00 /* PBXContainerItemProxy */ = {
			isa = PBXContainerItemProxy;
			containerPortal = E7DABD5B28FEFD8F00986C00 /* Project object */;
			proxyType = 1;
			remoteGlobalIDString = E7DABD6228FEFD8F00986C00;
			remoteInfo = UIKit07_PhotoGalleryApp;
		};
/* End PBXContainerItemProxy section */

/* Begin PBXFileReference section */
		E7DABD6328FEFD8F00986C00 /* UIKit07_PhotoGalleryApp.app */ = {isa = PBXFileReference; explicitFileType = wrapper.application; includeInIndex = 0; path = UIKit07_PhotoGalleryApp.app; sourceTree = BUILT_PRODUCTS_DIR; };
		E7DABD6628FEFD8F00986C00 /* AppDelegate.swift */ = {isa = PBXFileReference; lastKnownFileType = sourcecode.swift; path = AppDelegate.swift; sourceTree = "<group>"; };
		E7DABD6828FEFD8F00986C00 /* SceneDelegate.swift */ = {isa = PBXFileReference; lastKnownFileType = sourcecode.swift; path = SceneDelegate.swift; sourceTree = "<group>"; };
		E7DABD6A28FEFD8F00986C00 /* ViewController.swift */ = {isa = PBXFileReference; lastKnownFileType = sourcecode.swift; path = ViewController.swift; sourceTree = "<group>"; };
		E7DABD6D28FEFD8F00986C00 /* Base */ = {isa = PBXFileReference; lastKnownFileType = file.storyboard; name = Base; path = Base.lproj/Main.storyboard; sourceTree = "<group>"; };
		E7DABD6F28FEFD9000986C00 /* Assets.xcassets */ = {isa = PBXFileReference; lastKnownFileType = folder.assetcatalog; path = Assets.xcassets; sourceTree = "<group>"; };
		E7DABD7228FEFD9000986C00 /* Base */ = {isa = PBXFileReference; lastKnownFileType = file.storyboard; name = Base; path = Base.lproj/LaunchScreen.storyboard; sourceTree = "<group>"; };
		E7DABD7428FEFD9000986C00 /* Info.plist */ = {isa = PBXFileReference; lastKnownFileType = text.plist.xml; path = Info.plist; sourceTree = "<group>"; };
		E7DABD7928FEFD9000986C00 /* UIKit07_PhotoGalleryAppTests.xctest */ = {isa = PBXFileReference; explicitFileType = wrapper.cfbundle; includeInIndex = 0; path = UIKit07_PhotoGalleryAppTests.xctest; sourceTree = BUILT_PRODUCTS_DIR; };
		E7DABD7D28FEFD9000986C00 /* UIKit07_PhotoGalleryAppTests.swift */ = {isa = PBXFileReference; lastKnownFileType = sourcecode.swift; path = UIKit07_PhotoGalleryAppTests.swift; sourceTree = "<group>"; };
		E7DABD8328FEFD9000986C00 /* UIKit07_PhotoGalleryAppUITests.xctest */ = {isa = PBXFileReference; explicitFileType = wrapper.cfbundle; includeInIndex = 0; path = UIKit07_PhotoGalleryAppUITests.xctest; sourceTree = BUILT_PRODUCTS_DIR; };
		E7DABD8728FEFD9000986C00 /* UIKit07_PhotoGalleryAppUITests.swift */ = {isa = PBXFileReference; lastKnownFileType = sourcecode.swift; path = UIKit07_PhotoGalleryAppUITests.swift; sourceTree = "<group>"; };
		E7DABD8928FEFD9000986C00 /* UIKit07_PhotoGalleryAppUITestsLaunchTests.swift */ = {isa = PBXFileReference; lastKnownFileType = sourcecode.swift; path = UIKit07_PhotoGalleryAppUITestsLaunchTests.swift; sourceTree = "<group>"; };
		E7DABD9628FF014600986C00 /* PhotoCell.swift */ = {isa = PBXFileReference; lastKnownFileType = sourcecode.swift; path = PhotoCell.swift; sourceTree = "<group>"; };
/* End PBXFileReference section */

/* Begin PBXFrameworksBuildPhase section */
		E7DABD6028FEFD8F00986C00 /* Frameworks */ = {
			isa = PBXFrameworksBuildPhase;
			buildActionMask = 2147483647;
			files = (
			);
			runOnlyForDeploymentPostprocessing = 0;
		};
		E7DABD7628FEFD9000986C00 /* Frameworks */ = {
			isa = PBXFrameworksBuildPhase;
			buildActionMask = 2147483647;
			files = (
			);
			runOnlyForDeploymentPostprocessing = 0;
		};
		E7DABD8028FEFD9000986C00 /* Frameworks */ = {
			isa = PBXFrameworksBuildPhase;
			buildActionMask = 2147483647;
			files = (
			);
			runOnlyForDeploymentPostprocessing = 0;
		};
/* End PBXFrameworksBuildPhase section */

/* Begin PBXGroup section */
		E7DABD5A28FEFD8F00986C00 = {
			isa = PBXGroup;
			children = (
				E7DABD6528FEFD8F00986C00 /* UIKit07_PhotoGalleryApp */,
				E7DABD7C28FEFD9000986C00 /* UIKit07_PhotoGalleryAppTests */,
				E7DABD8628FEFD9000986C00 /* UIKit07_PhotoGalleryAppUITests */,
				E7DABD6428FEFD8F00986C00 /* Products */,
			);
			sourceTree = "<group>";
		};
		E7DABD6428FEFD8F00986C00 /* Products */ = {
			isa = PBXGroup;
			children = (
				E7DABD6328FEFD8F00986C00 /* UIKit07_PhotoGalleryApp.app */,
				E7DABD7928FEFD9000986C00 /* UIKit07_PhotoGalleryAppTests.xctest */,
				E7DABD8328FEFD9000986C00 /* UIKit07_PhotoGalleryAppUITests.xctest */,
			);
			name = Products;
			sourceTree = "<group>";
		};
		E7DABD6528FEFD8F00986C00 /* UIKit07_PhotoGalleryApp */ = {
			isa = PBXGroup;
			children = (
				E7DABD6628FEFD8F00986C00 /* AppDelegate.swift */,
				E7DABD6828FEFD8F00986C00 /* SceneDelegate.swift */,
				E7DABD6A28FEFD8F00986C00 /* ViewController.swift */,
				E7DABD6C28FEFD8F00986C00 /* Main.storyboard */,
				E7DABD9628FF014600986C00 /* PhotoCell.swift */,
				E7DABD6F28FEFD9000986C00 /* Assets.xcassets */,
				E7DABD7128FEFD9000986C00 /* LaunchScreen.storyboard */,
				E7DABD7428FEFD9000986C00 /* Info.plist */,
			);
			path = UIKit07_PhotoGalleryApp;
			sourceTree = "<group>";
		};
		E7DABD7C28FEFD9000986C00 /* UIKit07_PhotoGalleryAppTests */ = {
			isa = PBXGroup;
			children = (
				E7DABD7D28FEFD9000986C00 /* UIKit07_PhotoGalleryAppTests.swift */,
			);
			path = UIKit07_PhotoGalleryAppTests;
			sourceTree = "<group>";
		};
		E7DABD8628FEFD9000986C00 /* UIKit07_PhotoGalleryAppUITests */ = {
			isa = PBXGroup;
			children = (
				E7DABD8728FEFD9000986C00 /* UIKit07_PhotoGalleryAppUITests.swift */,
				E7DABD8928FEFD9000986C00 /* UIKit07_PhotoGalleryAppUITestsLaunchTests.swift */,
			);
			path = UIKit07_PhotoGalleryAppUITests;
			sourceTree = "<group>";
		};
/* End PBXGroup section */

/* Begin PBXNativeTarget section */
		E7DABD6228FEFD8F00986C00 /* UIKit07_PhotoGalleryApp */ = {
			isa = PBXNativeTarget;
			buildConfigurationList = E7DABD8D28FEFD9000986C00 /* Build configuration list for PBXNativeTarget "UIKit07_PhotoGalleryApp" */;
			buildPhases = (
				E7DABD5F28FEFD8F00986C00 /* Sources */,
				E7DABD6028FEFD8F00986C00 /* Frameworks */,
				E7DABD6128FEFD8F00986C00 /* Resources */,
			);
			buildRules = (
			);
			dependencies = (
			);
			name = UIKit07_PhotoGalleryApp;
			productName = UIKit07_PhotoGalleryApp;
			productReference = E7DABD6328FEFD8F00986C00 /* UIKit07_PhotoGalleryApp.app */;
			productType = "com.apple.product-type.application";
		};
		E7DABD7828FEFD9000986C00 /* UIKit07_PhotoGalleryAppTests */ = {
			isa = PBXNativeTarget;
			buildConfigurationList = E7DABD9028FEFD9000986C00 /* Build configuration list for PBXNativeTarget "UIKit07_PhotoGalleryAppTests" */;
			buildPhases = (
				E7DABD7528FEFD9000986C00 /* Sources */,
				E7DABD7628FEFD9000986C00 /* Frameworks */,
				E7DABD7728FEFD9000986C00 /* Resources */,
			);
			buildRules = (
			);
			dependencies = (
				E7DABD7B28FEFD9000986C00 /* PBXTargetDependency */,
			);
			name = UIKit07_PhotoGalleryAppTests;
			productName = UIKit07_PhotoGalleryAppTests;
			productReference = E7DABD7928FEFD9000986C00 /* UIKit07_PhotoGalleryAppTests.xctest */;
			productType = "com.apple.product-type.bundle.unit-test";
		};
		E7DABD8228FEFD9000986C00 /* UIKit07_PhotoGalleryAppUITests */ = {
			isa = PBXNativeTarget;
			buildConfigurationList = E7DABD9328FEFD9000986C00 /* Build configuration list for PBXNativeTarget "UIKit07_PhotoGalleryAppUITests" */;
			buildPhases = (
				E7DABD7F28FEFD9000986C00 /* Sources */,
				E7DABD8028FEFD9000986C00 /* Frameworks */,
				E7DABD8128FEFD9000986C00 /* Resources */,
			);
			buildRules = (
			);
			dependencies = (
				E7DABD8528FEFD9000986C00 /* PBXTargetDependency */,
			);
			name = UIKit07_PhotoGalleryAppUITests;
			productName = UIKit07_PhotoGalleryAppUITests;
			productReference = E7DABD8328FEFD9000986C00 /* UIKit07_PhotoGalleryAppUITests.xctest */;
			productType = "com.apple.product-type.bundle.ui-testing";
		};
/* End PBXNativeTarget section */

/* Begin PBXProject section */
		E7DABD5B28FEFD8F00986C00 /* Project object */ = {
			isa = PBXProject;
			attributes = {
				BuildIndependentTargetsInParallel = 1;
				LastSwiftUpdateCheck = 1400;
				LastUpgradeCheck = 1400;
				TargetAttributes = {
					E7DABD6228FEFD8F00986C00 = {
						CreatedOnToolsVersion = 14.0.1;
					};
					E7DABD7828FEFD9000986C00 = {
						CreatedOnToolsVersion = 14.0.1;
						TestTargetID = E7DABD6228FEFD8F00986C00;
					};
					E7DABD8228FEFD9000986C00 = {
						CreatedOnToolsVersion = 14.0.1;
						TestTargetID = E7DABD6228FEFD8F00986C00;
					};
				};
			};
			buildConfigurationList = E7DABD5E28FEFD8F00986C00 /* Build configuration list for PBXProject "UIKit07_PhotoGalleryApp" */;
			compatibilityVersion = "Xcode 14.0";
			developmentRegion = en;
			hasScannedForEncodings = 0;
			knownRegions = (
				en,
				Base,
			);
			mainGroup = E7DABD5A28FEFD8F00986C00;
			productRefGroup = E7DABD6428FEFD8F00986C00 /* Products */;
			projectDirPath = "";
			projectRoot = "";
			targets = (
				E7DABD6228FEFD8F00986C00 /* UIKit07_PhotoGalleryApp */,
				E7DABD7828FEFD9000986C00 /* UIKit07_PhotoGalleryAppTests */,
				E7DABD8228FEFD9000986C00 /* UIKit07_PhotoGalleryAppUITests */,
			);
		};
/* End PBXProject section */

/* Begin PBXResourcesBuildPhase section */
		E7DABD6128FEFD8F00986C00 /* Resources */ = {
			isa = PBXResourcesBuildPhase;
			buildActionMask = 2147483647;
			files = (
				E7DABD7328FEFD9000986C00 /* LaunchScreen.storyboard in Resources */,
				E7DABD7028FEFD9000986C00 /* Assets.xcassets in Resources */,
				E7DABD6E28FEFD8F00986C00 /* Main.storyboard in Resources */,
			);
			runOnlyForDeploymentPostprocessing = 0;
		};
		E7DABD7728FEFD9000986C00 /* Resources */ = {
			isa = PBXResourcesBuildPhase;
			buildActionMask = 2147483647;
			files = (
			);
			runOnlyForDeploymentPostprocessing = 0;
		};
		E7DABD8128FEFD9000986C00 /* Resources */ = {
			isa = PBXResourcesBuildPhase;
			buildActionMask = 2147483647;
			files = (
			);
			runOnlyForDeploymentPostprocessing = 0;
		};
/* End PBXResourcesBuildPhase section */

/* Begin PBXSourcesBuildPhase section */
		E7DABD5F28FEFD8F00986C00 /* Sources */ = {
			isa = PBXSourcesBuildPhase;
			buildActionMask = 2147483647;
			files = (
				E7DABD9728FF014600986C00 /* PhotoCell.swift in Sources */,
				E7DABD6B28FEFD8F00986C00 /* ViewController.swift in Sources */,
				E7DABD6728FEFD8F00986C00 /* AppDelegate.swift in Sources */,
				E7DABD6928FEFD8F00986C00 /* SceneDelegate.swift in Sources */,
			);
			runOnlyForDeploymentPostprocessing = 0;
		};
		E7DABD7528FEFD9000986C00 /* Sources */ = {
			isa = PBXSourcesBuildPhase;
			buildActionMask = 2147483647;
			files = (
				E7DABD7E28FEFD9000986C00 /* UIKit07_PhotoGalleryAppTests.swift in Sources */,
			);
			runOnlyForDeploymentPostprocessing = 0;
		};
		E7DABD7F28FEFD9000986C00 /* Sources */ = {
			isa = PBXSourcesBuildPhase;
			buildActionMask = 2147483647;
			files = (
				E7DABD8A28FEFD9000986C00 /* UIKit07_PhotoGalleryAppUITestsLaunchTests.swift in Sources */,
				E7DABD8828FEFD9000986C00 /* UIKit07_PhotoGalleryAppUITests.swift in Sources */,
			);
			runOnlyForDeploymentPostprocessing = 0;
		};
/* End PBXSourcesBuildPhase section */

/* Begin PBXTargetDependency section */
		E7DABD7B28FEFD9000986C00 /* PBXTargetDependency */ = {
			isa = PBXTargetDependency;
			target = E7DABD6228FEFD8F00986C00 /* UIKit07_PhotoGalleryApp */;
			targetProxy = E7DABD7A28FEFD9000986C00 /* PBXContainerItemProxy */;
		};
		E7DABD8528FEFD9000986C00 /* PBXTargetDependency */ = {
			isa = PBXTargetDependency;
			target = E7DABD6228FEFD8F00986C00 /* UIKit07_PhotoGalleryApp */;
			targetProxy = E7DABD8428FEFD9000986C00 /* PBXContainerItemProxy */;
		};
/* End PBXTargetDependency section */

/* Begin PBXVariantGroup section */
		E7DABD6C28FEFD8F00986C00 /* Main.storyboard */ = {
			isa = PBXVariantGroup;
			children = (
				E7DABD6D28FEFD8F00986C00 /* Base */,
			);
			name = Main.storyboard;
			sourceTree = "<group>";
		};
		E7DABD7128FEFD9000986C00 /* LaunchScreen.storyboard */ = {
			isa = PBXVariantGroup;
			children = (
				E7DABD7228FEFD9000986C00 /* Base */,
			);
			name = LaunchScreen.storyboard;
			sourceTree = "<group>";
		};
/* End PBXVariantGroup section */

/* Begin XCBuildConfiguration section */
		E7DABD8B28FEFD9000986C00 /* Debug */ = {
			isa = XCBuildConfiguration;
			buildSettings = {
				ALWAYS_SEARCH_USER_PATHS = NO;
				CLANG_ANALYZER_NONNULL = YES;
				CLANG_ANALYZER_NUMBER_OBJECT_CONVERSION = YES_AGGRESSIVE;
				CLANG_CXX_LANGUAGE_STANDARD = "gnu++20";
				CLANG_ENABLE_MODULES = YES;
				CLANG_ENABLE_OBJC_ARC = YES;
				CLANG_ENABLE_OBJC_WEAK = YES;
				CLANG_WARN_BLOCK_CAPTURE_AUTORELEASING = YES;
				CLANG_WARN_BOOL_CONVERSION = YES;
				CLANG_WARN_COMMA = YES;
				CLANG_WARN_CONSTANT_CONVERSION = YES;
				CLANG_WARN_DEPRECATED_OBJC_IMPLEMENTATIONS = YES;
				CLANG_WARN_DIRECT_OBJC_ISA_USAGE = YES_ERROR;
				CLANG_WARN_DOCUMENTATION_COMMENTS = YES;
				CLANG_WARN_EMPTY_BODY = YES;
				CLANG_WARN_ENUM_CONVERSION = YES;
				CLANG_WARN_INFINITE_RECURSION = YES;
				CLANG_WARN_INT_CONVERSION = YES;
				CLANG_WARN_NON_LITERAL_NULL_CONVERSION = YES;
				CLANG_WARN_OBJC_IMPLICIT_RETAIN_SELF = YES;
				CLANG_WARN_OBJC_LITERAL_CONVERSION = YES;
				CLANG_WARN_OBJC_ROOT_CLASS = YES_ERROR;
				CLANG_WARN_QUOTED_INCLUDE_IN_FRAMEWORK_HEADER = YES;
				CLANG_WARN_RANGE_LOOP_ANALYSIS = YES;
				CLANG_WARN_STRICT_PROTOTYPES = YES;
				CLANG_WARN_SUSPICIOUS_MOVE = YES;
				CLANG_WARN_UNGUARDED_AVAILABILITY = YES_AGGRESSIVE;
				CLANG_WARN_UNREACHABLE_CODE = YES;
				CLANG_WARN__DUPLICATE_METHOD_MATCH = YES;
				COPY_PHASE_STRIP = NO;
				DEBUG_INFORMATION_FORMAT = dwarf;
				ENABLE_STRICT_OBJC_MSGSEND = YES;
				ENABLE_TESTABILITY = YES;
				GCC_C_LANGUAGE_STANDARD = gnu11;
				GCC_DYNAMIC_NO_PIC = NO;
				GCC_NO_COMMON_BLOCKS = YES;
				GCC_OPTIMIZATION_LEVEL = 0;
				GCC_PREPROCESSOR_DEFINITIONS = (
					"DEBUG=1",
					"$(inherited)",
				);
				GCC_WARN_64_TO_32_BIT_CONVERSION = YES;
				GCC_WARN_ABOUT_RETURN_TYPE = YES_ERROR;
				GCC_WARN_UNDECLARED_SELECTOR = YES;
				GCC_WARN_UNINITIALIZED_AUTOS = YES_AGGRESSIVE;
				GCC_WARN_UNUSED_FUNCTION = YES;
				GCC_WARN_UNUSED_VARIABLE = YES;
				IPHONEOS_DEPLOYMENT_TARGET = 16.0;
				MTL_ENABLE_DEBUG_INFO = INCLUDE_SOURCE;
				MTL_FAST_MATH = YES;
				ONLY_ACTIVE_ARCH = YES;
				SDKROOT = iphoneos;
				SWIFT_ACTIVE_COMPILATION_CONDITIONS = DEBUG;
				SWIFT_OPTIMIZATION_LEVEL = "-Onone";
			};
			name = Debug;
		};
		E7DABD8C28FEFD9000986C00 /* Release */ = {
			isa = XCBuildConfiguration;
			buildSettings = {
				ALWAYS_SEARCH_USER_PATHS = NO;
				CLANG_ANALYZER_NONNULL = YES;
				CLANG_ANALYZER_NUMBER_OBJECT_CONVERSION = YES_AGGRESSIVE;
				CLANG_CXX_LANGUAGE_STANDARD = "gnu++20";
				CLANG_ENABLE_MODULES = YES;
				CLANG_ENABLE_OBJC_ARC = YES;
				CLANG_ENABLE_OBJC_WEAK = YES;
				CLANG_WARN_BLOCK_CAPTURE_AUTORELEASING = YES;
				CLANG_WARN_BOOL_CONVERSION = YES;
				CLANG_WARN_COMMA = YES;
				CLANG_WARN_CONSTANT_CONVERSION = YES;
				CLANG_WARN_DEPRECATED_OBJC_IMPLEMENTATIONS = YES;
				CLANG_WARN_DIRECT_OBJC_ISA_USAGE = YES_ERROR;
				CLANG_WARN_DOCUMENTATION_COMMENTS = YES;
				CLANG_WARN_EMPTY_BODY = YES;
				CLANG_WARN_ENUM_CONVERSION = YES;
				CLANG_WARN_INFINITE_RECURSION = YES;
				CLANG_WARN_INT_CONVERSION = YES;
				CLANG_WARN_NON_LITERAL_NULL_CONVERSION = YES;
				CLANG_WARN_OBJC_IMPLICIT_RETAIN_SELF = YES;
				CLANG_WARN_OBJC_LITERAL_CONVERSION = YES;
				CLANG_WARN_OBJC_ROOT_CLASS = YES_ERROR;
				CLANG_WARN_QUOTED_INCLUDE_IN_FRAMEWORK_HEADER = YES;
				CLANG_WARN_RANGE_LOOP_ANALYSIS = YES;
				CLANG_WARN_STRICT_PROTOTYPES = YES;
				CLANG_WARN_SUSPICIOUS_MOVE = YES;
				CLANG_WARN_UNGUARDED_AVAILABILITY = YES_AGGRESSIVE;
				CLANG_WARN_UNREACHABLE_CODE = YES;
				CLANG_WARN__DUPLICATE_METHOD_MATCH = YES;
				COPY_PHASE_STRIP = NO;
				DEBUG_INFORMATION_FORMAT = "dwarf-with-dsym";
				ENABLE_NS_ASSERTIONS = NO;
				ENABLE_STRICT_OBJC_MSGSEND = YES;
				GCC_C_LANGUAGE_STANDARD = gnu11;
				GCC_NO_COMMON_BLOCKS = YES;
				GCC_WARN_64_TO_32_BIT_CONVERSION = YES;
				GCC_WARN_ABOUT_RETURN_TYPE = YES_ERROR;
				GCC_WARN_UNDECLARED_SELECTOR = YES;
				GCC_WARN_UNINITIALIZED_AUTOS = YES_AGGRESSIVE;
				GCC_WARN_UNUSED_FUNCTION = YES;
				GCC_WARN_UNUSED_VARIABLE = YES;
				IPHONEOS_DEPLOYMENT_TARGET = 16.0;
				MTL_ENABLE_DEBUG_INFO = NO;
				MTL_FAST_MATH = YES;
				SDKROOT = iphoneos;
				SWIFT_COMPILATION_MODE = wholemodule;
				SWIFT_OPTIMIZATION_LEVEL = "-O";
				VALIDATE_PRODUCT = YES;
			};
			name = Release;
		};
		E7DABD8E28FEFD9000986C00 /* Debug */ = {
			isa = XCBuildConfiguration;
			buildSettings = {
				ASSETCATALOG_COMPILER_APPICON_NAME = AppIcon;
				ASSETCATALOG_COMPILER_GLOBAL_ACCENT_COLOR_NAME = AccentColor;
				CODE_SIGN_STYLE = Automatic;
				CURRENT_PROJECT_VERSION = 1;
				DEVELOPMENT_TEAM = CZ5YWYKC63;
				GENERATE_INFOPLIST_FILE = YES;
				INFOPLIST_FILE = UIKit07_PhotoGalleryApp/Info.plist;
				INFOPLIST_KEY_UIApplicationSupportsIndirectInputEvents = YES;
				INFOPLIST_KEY_UILaunchStoryboardName = LaunchScreen;
				INFOPLIST_KEY_UIMainStoryboardFile = Main;
				INFOPLIST_KEY_UISupportedInterfaceOrientations_iPad = "UIInterfaceOrientationPortrait UIInterfaceOrientationPortraitUpsideDown UIInterfaceOrientationLandscapeLeft UIInterfaceOrientationLandscapeRight";
				INFOPLIST_KEY_UISupportedInterfaceOrientations_iPhone = "UIInterfaceOrientationPortrait UIInterfaceOrientationLandscapeLeft UIInterfaceOrientationLandscapeRight";
				LD_RUNPATH_SEARCH_PATHS = (
					"$(inherited)",
					"@executable_path/Frameworks",
				);
				MARKETING_VERSION = 1.0;
				PRODUCT_BUNDLE_IDENTIFIER = "junaem.UIKit07-PhotoGalleryApp";
				PRODUCT_NAME = "$(TARGET_NAME)";
				SWIFT_EMIT_LOC_STRINGS = YES;
				SWIFT_VERSION = 5.0;
				TARGETED_DEVICE_FAMILY = "1,2";
			};
			name = Debug;
		};
		E7DABD8F28FEFD9000986C00 /* Release */ = {
			isa = XCBuildConfiguration;
			buildSettings = {
				ASSETCATALOG_COMPILER_APPICON_NAME = AppIcon;
				ASSETCATALOG_COMPILER_GLOBAL_ACCENT_COLOR_NAME = AccentColor;
				CODE_SIGN_STYLE = Automatic;
				CURRENT_PROJECT_VERSION = 1;
				DEVELOPMENT_TEAM = CZ5YWYKC63;
				GENERATE_INFOPLIST_FILE = YES;
				INFOPLIST_FILE = UIKit07_PhotoGalleryApp/Info.plist;
				INFOPLIST_KEY_UIApplicationSupportsIndirectInputEvents = YES;
				INFOPLIST_KEY_UILaunchStoryboardName = LaunchScreen;
				INFOPLIST_KEY_UIMainStoryboardFile = Main;
				INFOPLIST_KEY_UISupportedInterfaceOrientations_iPad = "UIInterfaceOrientationPortrait UIInterfaceOrientationPortraitUpsideDown UIInterfaceOrientationLandscapeLeft UIInterfaceOrientationLandscapeRight";
				INFOPLIST_KEY_UISupportedInterfaceOrientations_iPhone = "UIInterfaceOrientationPortrait UIInterfaceOrientationLandscapeLeft UIInterfaceOrientationLandscapeRight";
				LD_RUNPATH_SEARCH_PATHS = (
					"$(inherited)",
					"@executable_path/Frameworks",
				);
				MARKETING_VERSION = 1.0;
				PRODUCT_BUNDLE_IDENTIFIER = "junaem.UIKit07-PhotoGalleryApp";
				PRODUCT_NAME = "$(TARGET_NAME)";
				SWIFT_EMIT_LOC_STRINGS = YES;
				SWIFT_VERSION = 5.0;
				TARGETED_DEVICE_FAMILY = "1,2";
			};
			name = Release;
		};
		E7DABD9128FEFD9000986C00 /* Debug */ = {
			isa = XCBuildConfiguration;
			buildSettings = {
				ALWAYS_EMBED_SWIFT_STANDARD_LIBRARIES = YES;
				BUNDLE_LOADER = "$(TEST_HOST)";
				CODE_SIGN_STYLE = Automatic;
				CURRENT_PROJECT_VERSION = 1;
				DEVELOPMENT_TEAM = CZ5YWYKC63;
				GENERATE_INFOPLIST_FILE = YES;
				IPHONEOS_DEPLOYMENT_TARGET = 16.0;
				MARKETING_VERSION = 1.0;
				PRODUCT_BUNDLE_IDENTIFIER = "junaem.UIKit07-PhotoGalleryAppTests";
				PRODUCT_NAME = "$(TARGET_NAME)";
				SWIFT_EMIT_LOC_STRINGS = NO;
				SWIFT_VERSION = 5.0;
				TARGETED_DEVICE_FAMILY = "1,2";
				TEST_HOST = "$(BUILT_PRODUCTS_DIR)/UIKit07_PhotoGalleryApp.app/$(BUNDLE_EXECUTABLE_FOLDER_PATH)/UIKit07_PhotoGalleryApp";
			};
			name = Debug;
		};
		E7DABD9228FEFD9000986C00 /* Release */ = {
			isa = XCBuildConfiguration;
			buildSettings = {
				ALWAYS_EMBED_SWIFT_STANDARD_LIBRARIES = YES;
				BUNDLE_LOADER = "$(TEST_HOST)";
				CODE_SIGN_STYLE = Automatic;
				CURRENT_PROJECT_VERSION = 1;
				DEVELOPMENT_TEAM = CZ5YWYKC63;
				GENERATE_INFOPLIST_FILE = YES;
				IPHONEOS_DEPLOYMENT_TARGET = 16.0;
				MARKETING_VERSION = 1.0;
				PRODUCT_BUNDLE_IDENTIFIER = "junaem.UIKit07-PhotoGalleryAppTests";
				PRODUCT_NAME = "$(TARGET_NAME)";
				SWIFT_EMIT_LOC_STRINGS = NO;
				SWIFT_VERSION = 5.0;
				TARGETED_DEVICE_FAMILY = "1,2";
				TEST_HOST = "$(BUILT_PRODUCTS_DIR)/UIKit07_PhotoGalleryApp.app/$(BUNDLE_EXECUTABLE_FOLDER_PATH)/UIKit07_PhotoGalleryApp";
			};
			name = Release;
		};
		E7DABD9428FEFD9000986C00 /* Debug */ = {
			isa = XCBuildConfiguration;
			buildSettings = {
				ALWAYS_EMBED_SWIFT_STANDARD_LIBRARIES = YES;
				CODE_SIGN_STYLE = Automatic;
				CURRENT_PROJECT_VERSION = 1;
				DEVELOPMENT_TEAM = CZ5YWYKC63;
				GENERATE_INFOPLIST_FILE = YES;
				MARKETING_VERSION = 1.0;
				PRODUCT_BUNDLE_IDENTIFIER = "junaem.UIKit07-PhotoGalleryAppUITests";
				PRODUCT_NAME = "$(TARGET_NAME)";
				SWIFT_EMIT_LOC_STRINGS = NO;
				SWIFT_VERSION = 5.0;
				TARGETED_DEVICE_FAMILY = "1,2";
				TEST_TARGET_NAME = UIKit07_PhotoGalleryApp;
			};
			name = Debug;
		};
		E7DABD9528FEFD9000986C00 /* Release */ = {
			isa = XCBuildConfiguration;
			buildSettings = {
				ALWAYS_EMBED_SWIFT_STANDARD_LIBRARIES = YES;
				CODE_SIGN_STYLE = Automatic;
				CURRENT_PROJECT_VERSION = 1;
				DEVELOPMENT_TEAM = CZ5YWYKC63;
				GENERATE_INFOPLIST_FILE = YES;
				MARKETING_VERSION = 1.0;
				PRODUCT_BUNDLE_IDENTIFIER = "junaem.UIKit07-PhotoGalleryAppUITests";
				PRODUCT_NAME = "$(TARGET_NAME)";
				SWIFT_EMIT_LOC_STRINGS = NO;
				SWIFT_VERSION = 5.0;
				TARGETED_DEVICE_FAMILY = "1,2";
				TEST_TARGET_NAME = UIKit07_PhotoGalleryApp;
			};
			name = Release;
		};
/* End XCBuildConfiguration section */

/* Begin XCConfigurationList section */
		E7DABD5E28FEFD8F00986C00 /* Build configuration list for PBXProject "UIKit07_PhotoGalleryApp" */ = {
			isa = XCConfigurationList;
			buildConfigurations = (
				E7DABD8B28FEFD9000986C00 /* Debug */,
				E7DABD8C28FEFD9000986C00 /* Release */,
			);
			defaultConfigurationIsVisible = 0;
			defaultConfigurationName = Release;
		};
		E7DABD8D28FEFD9000986C00 /* Build configuration list for PBXNativeTarget "UIKit07_PhotoGalleryApp" */ = {
			isa = XCConfigurationList;
			buildConfigurations = (
				E7DABD8E28FEFD9000986C00 /* Debug */,
				E7DABD8F28FEFD9000986C00 /* Release */,
			);
			defaultConfigurationIsVisible = 0;
			defaultConfigurationName = Release;
		};
		E7DABD9028FEFD9000986C00 /* Build configuration list for PBXNativeTarget "UIKit07_PhotoGalleryAppTests" */ = {
			isa = XCConfigurationList;
			buildConfigurations = (
				E7DABD9128FEFD9000986C00 /* Debug */,
				E7DABD9228FEFD9000986C00 /* Release */,
			);
			defaultConfigurationIsVisible = 0;
			defaultConfigurationName = Release;
		};
		E7DABD9328FEFD9000986C00 /* Build configuration list for PBXNativeTarget "UIKit07_PhotoGalleryAppUITests" */ = {
			isa = XCConfigurationList;
			buildConfigurations = (
				E7DABD9428FEFD9000986C00 /* Debug */,
				E7DABD9528FEFD9000986C00 /* Release */,
			);
			defaultConfigurationIsVisible = 0;
			defaultConfigurationName = Release;
		};
/* End XCConfigurationList section */
	};
	rootObject = E7DABD5B28FEFD8F00986C00 /* Project object */;
}
