// !$*UTF8*$!
{
	archiveVersion = 1;
	classes = {
	};
	objectVersion = 56;
	objects = {

/* Begin PBXBuildFile section */
		E7F85D1528F2A5E400A10EB9 /* AppDelegate.swift in Sources */ = {isa = PBXBuildFile; fileRef = E7F85D1428F2A5E400A10EB9 /* AppDelegate.swift */; };
		E7F85D1728F2A5E400A10EB9 /* SceneDelegate.swift in Sources */ = {isa = PBXBuildFile; fileRef = E7F85D1628F2A5E400A10EB9 /* SceneDelegate.swift */; };
		E7F85D1928F2A5E400A10EB9 /* ViewController.swift in Sources */ = {isa = PBXBuildFile; fileRef = E7F85D1828F2A5E400A10EB9 /* ViewController.swift */; };
		E7F85D1C28F2A5E400A10EB9 /* Main.storyboard in Resources */ = {isa = PBXBuildFile; fileRef = E7F85D1A28F2A5E400A10EB9 /* Main.storyboard */; };
		E7F85D1E28F2A5E500A10EB9 /* Assets.xcassets in Resources */ = {isa = PBXBuildFile; fileRef = E7F85D1D28F2A5E500A10EB9 /* Assets.xcassets */; };
		E7F85D2128F2A5E500A10EB9 /* LaunchScreen.storyboard in Resources */ = {isa = PBXBuildFile; fileRef = E7F85D1F28F2A5E500A10EB9 /* LaunchScreen.storyboard */; };
		E7F85D2C28F2A5E500A10EB9 /* UIKit05_PanGesture_AppTests.swift in Sources */ = {isa = PBXBuildFile; fileRef = E7F85D2B28F2A5E500A10EB9 /* UIKit05_PanGesture_AppTests.swift */; };
		E7F85D3628F2A5E500A10EB9 /* UIKit05_PanGesture_AppUITests.swift in Sources */ = {isa = PBXBuildFile; fileRef = E7F85D3528F2A5E500A10EB9 /* UIKit05_PanGesture_AppUITests.swift */; };
		E7F85D3828F2A5E500A10EB9 /* UIKit05_PanGesture_AppUITestsLaunchTests.swift in Sources */ = {isa = PBXBuildFile; fileRef = E7F85D3728F2A5E500A10EB9 /* UIKit05_PanGesture_AppUITestsLaunchTests.swift */; };
		E7F85D4528F2A63300A10EB9 /* DraggableView.swift in Sources */ = {isa = PBXBuildFile; fileRef = E7F85D4428F2A63300A10EB9 /* DraggableView.swift */; };
/* End PBXBuildFile section */

/* Begin PBXContainerItemProxy section */
		E7F85D2828F2A5E500A10EB9 /* PBXContainerItemProxy */ = {
			isa = PBXContainerItemProxy;
			containerPortal = E7F85D0928F2A5E400A10EB9 /* Project object */;
			proxyType = 1;
			remoteGlobalIDString = E7F85D1028F2A5E400A10EB9;
			remoteInfo = UIKit05_PanGesture_App;
		};
		E7F85D3228F2A5E500A10EB9 /* PBXContainerItemProxy */ = {
			isa = PBXContainerItemProxy;
			containerPortal = E7F85D0928F2A5E400A10EB9 /* Project object */;
			proxyType = 1;
			remoteGlobalIDString = E7F85D1028F2A5E400A10EB9;
			remoteInfo = UIKit05_PanGesture_App;
		};
/* End PBXContainerItemProxy section */

/* Begin PBXFileReference section */
		E7F85D1128F2A5E400A10EB9 /* UIKit05_PanGesture_App.app */ = {isa = PBXFileReference; explicitFileType = wrapper.application; includeInIndex = 0; path = UIKit05_PanGesture_App.app; sourceTree = BUILT_PRODUCTS_DIR; };
		E7F85D1428F2A5E400A10EB9 /* AppDelegate.swift */ = {isa = PBXFileReference; lastKnownFileType = sourcecode.swift; path = AppDelegate.swift; sourceTree = "<group>"; };
		E7F85D1628F2A5E400A10EB9 /* SceneDelegate.swift */ = {isa = PBXFileReference; lastKnownFileType = sourcecode.swift; path = SceneDelegate.swift; sourceTree = "<group>"; };
		E7F85D1828F2A5E400A10EB9 /* ViewController.swift */ = {isa = PBXFileReference; lastKnownFileType = sourcecode.swift; path = ViewController.swift; sourceTree = "<group>"; };
		E7F85D1B28F2A5E400A10EB9 /* Base */ = {isa = PBXFileReference; lastKnownFileType = file.storyboard; name = Base; path = Base.lproj/Main.storyboard; sourceTree = "<group>"; };
		E7F85D1D28F2A5E500A10EB9 /* Assets.xcassets */ = {isa = PBXFileReference; lastKnownFileType = folder.assetcatalog; path = Assets.xcassets; sourceTree = "<group>"; };
		E7F85D2028F2A5E500A10EB9 /* Base */ = {isa = PBXFileReference; lastKnownFileType = file.storyboard; name = Base; path = Base.lproj/LaunchScreen.storyboard; sourceTree = "<group>"; };
		E7F85D2228F2A5E500A10EB9 /* Info.plist */ = {isa = PBXFileReference; lastKnownFileType = text.plist.xml; path = Info.plist; sourceTree = "<group>"; };
		E7F85D2728F2A5E500A10EB9 /* UIKit05_PanGesture_AppTests.xctest */ = {isa = PBXFileReference; explicitFileType = wrapper.cfbundle; includeInIndex = 0; path = UIKit05_PanGesture_AppTests.xctest; sourceTree = BUILT_PRODUCTS_DIR; };
		E7F85D2B28F2A5E500A10EB9 /* UIKit05_PanGesture_AppTests.swift */ = {isa = PBXFileReference; lastKnownFileType = sourcecode.swift; path = UIKit05_PanGesture_AppTests.swift; sourceTree = "<group>"; };
		E7F85D3128F2A5E500A10EB9 /* UIKit05_PanGesture_AppUITests.xctest */ = {isa = PBXFileReference; explicitFileType = wrapper.cfbundle; includeInIndex = 0; path = UIKit05_PanGesture_AppUITests.xctest; sourceTree = BUILT_PRODUCTS_DIR; };
		E7F85D3528F2A5E500A10EB9 /* UIKit05_PanGesture_AppUITests.swift */ = {isa = PBXFileReference; lastKnownFileType = sourcecode.swift; path = UIKit05_PanGesture_AppUITests.swift; sourceTree = "<group>"; };
		E7F85D3728F2A5E500A10EB9 /* UIKit05_PanGesture_AppUITestsLaunchTests.swift */ = {isa = PBXFileReference; lastKnownFileType = sourcecode.swift; path = UIKit05_PanGesture_AppUITestsLaunchTests.swift; sourceTree = "<group>"; };
		E7F85D4428F2A63300A10EB9 /* DraggableView.swift */ = {isa = PBXFileReference; lastKnownFileType = sourcecode.swift; path = DraggableView.swift; sourceTree = "<group>"; };
/* End PBXFileReference section */

/* Begin PBXFrameworksBuildPhase section */
		E7F85D0E28F2A5E400A10EB9 /* Frameworks */ = {
			isa = PBXFrameworksBuildPhase;
			buildActionMask = 2147483647;
			files = (
			);
			runOnlyForDeploymentPostprocessing = 0;
		};
		E7F85D2428F2A5E500A10EB9 /* Frameworks */ = {
			isa = PBXFrameworksBuildPhase;
			buildActionMask = 2147483647;
			files = (
			);
			runOnlyForDeploymentPostprocessing = 0;
		};
		E7F85D2E28F2A5E500A10EB9 /* Frameworks */ = {
			isa = PBXFrameworksBuildPhase;
			buildActionMask = 2147483647;
			files = (
			);
			runOnlyForDeploymentPostprocessing = 0;
		};
/* End PBXFrameworksBuildPhase section */

/* Begin PBXGroup section */
		E7F85D0828F2A5E400A10EB9 = {
			isa = PBXGroup;
			children = (
				E7F85D1328F2A5E400A10EB9 /* UIKit05_PanGesture_App */,
				E7F85D2A28F2A5E500A10EB9 /* UIKit05_PanGesture_AppTests */,
				E7F85D3428F2A5E500A10EB9 /* UIKit05_PanGesture_AppUITests */,
				E7F85D1228F2A5E400A10EB9 /* Products */,
			);
			sourceTree = "<group>";
		};
		E7F85D1228F2A5E400A10EB9 /* Products */ = {
			isa = PBXGroup;
			children = (
				E7F85D1128F2A5E400A10EB9 /* UIKit05_PanGesture_App.app */,
				E7F85D2728F2A5E500A10EB9 /* UIKit05_PanGesture_AppTests.xctest */,
				E7F85D3128F2A5E500A10EB9 /* UIKit05_PanGesture_AppUITests.xctest */,
			);
			name = Products;
			sourceTree = "<group>";
		};
		E7F85D1328F2A5E400A10EB9 /* UIKit05_PanGesture_App */ = {
			isa = PBXGroup;
			children = (
				E7F85D1428F2A5E400A10EB9 /* AppDelegate.swift */,
				E7F85D1628F2A5E400A10EB9 /* SceneDelegate.swift */,
				E7F85D1828F2A5E400A10EB9 /* ViewController.swift */,
				E7F85D4428F2A63300A10EB9 /* DraggableView.swift */,
				E7F85D1A28F2A5E400A10EB9 /* Main.storyboard */,
				E7F85D1D28F2A5E500A10EB9 /* Assets.xcassets */,
				E7F85D1F28F2A5E500A10EB9 /* LaunchScreen.storyboard */,
				E7F85D2228F2A5E500A10EB9 /* Info.plist */,
			);
			path = UIKit05_PanGesture_App;
			sourceTree = "<group>";
		};
		E7F85D2A28F2A5E500A10EB9 /* UIKit05_PanGesture_AppTests */ = {
			isa = PBXGroup;
			children = (
				E7F85D2B28F2A5E500A10EB9 /* UIKit05_PanGesture_AppTests.swift */,
			);
			path = UIKit05_PanGesture_AppTests;
			sourceTree = "<group>";
		};
		E7F85D3428F2A5E500A10EB9 /* UIKit05_PanGesture_AppUITests */ = {
			isa = PBXGroup;
			children = (
				E7F85D3528F2A5E500A10EB9 /* UIKit05_PanGesture_AppUITests.swift */,
				E7F85D3728F2A5E500A10EB9 /* UIKit05_PanGesture_AppUITestsLaunchTests.swift */,
			);
			path = UIKit05_PanGesture_AppUITests;
			sourceTree = "<group>";
		};
/* End PBXGroup section */

/* Begin PBXNativeTarget section */
		E7F85D1028F2A5E400A10EB9 /* UIKit05_PanGesture_App */ = {
			isa = PBXNativeTarget;
			buildConfigurationList = E7F85D3B28F2A5E500A10EB9 /* Build configuration list for PBXNativeTarget "UIKit05_PanGesture_App" */;
			buildPhases = (
				E7F85D0D28F2A5E400A10EB9 /* Sources */,
				E7F85D0E28F2A5E400A10EB9 /* Frameworks */,
				E7F85D0F28F2A5E400A10EB9 /* Resources */,
			);
			buildRules = (
			);
			dependencies = (
			);
			name = UIKit05_PanGesture_App;
			productName = UIKit05_PanGesture_App;
			productReference = E7F85D1128F2A5E400A10EB9 /* UIKit05_PanGesture_App.app */;
			productType = "com.apple.product-type.application";
		};
		E7F85D2628F2A5E500A10EB9 /* UIKit05_PanGesture_AppTests */ = {
			isa = PBXNativeTarget;
			buildConfigurationList = E7F85D3E28F2A5E500A10EB9 /* Build configuration list for PBXNativeTarget "UIKit05_PanGesture_AppTests" */;
			buildPhases = (
				E7F85D2328F2A5E500A10EB9 /* Sources */,
				E7F85D2428F2A5E500A10EB9 /* Frameworks */,
				E7F85D2528F2A5E500A10EB9 /* Resources */,
			);
			buildRules = (
			);
			dependencies = (
				E7F85D2928F2A5E500A10EB9 /* PBXTargetDependency */,
			);
			name = UIKit05_PanGesture_AppTests;
			productName = UIKit05_PanGesture_AppTests;
			productReference = E7F85D2728F2A5E500A10EB9 /* UIKit05_PanGesture_AppTests.xctest */;
			productType = "com.apple.product-type.bundle.unit-test";
		};
		E7F85D3028F2A5E500A10EB9 /* UIKit05_PanGesture_AppUITests */ = {
			isa = PBXNativeTarget;
			buildConfigurationList = E7F85D4128F2A5E500A10EB9 /* Build configuration list for PBXNativeTarget "UIKit05_PanGesture_AppUITests" */;
			buildPhases = (
				E7F85D2D28F2A5E500A10EB9 /* Sources */,
				E7F85D2E28F2A5E500A10EB9 /* Frameworks */,
				E7F85D2F28F2A5E500A10EB9 /* Resources */,
			);
			buildRules = (
			);
			dependencies = (
				E7F85D3328F2A5E500A10EB9 /* PBXTargetDependency */,
			);
			name = UIKit05_PanGesture_AppUITests;
			productName = UIKit05_PanGesture_AppUITests;
			productReference = E7F85D3128F2A5E500A10EB9 /* UIKit05_PanGesture_AppUITests.xctest */;
			productType = "com.apple.product-type.bundle.ui-testing";
		};
/* End PBXNativeTarget section */

/* Begin PBXProject section */
		E7F85D0928F2A5E400A10EB9 /* Project object */ = {
			isa = PBXProject;
			attributes = {
				BuildIndependentTargetsInParallel = 1;
				LastSwiftUpdateCheck = 1400;
				LastUpgradeCheck = 1400;
				TargetAttributes = {
					E7F85D1028F2A5E400A10EB9 = {
						CreatedOnToolsVersion = 14.0.1;
					};
					E7F85D2628F2A5E500A10EB9 = {
						CreatedOnToolsVersion = 14.0.1;
						TestTargetID = E7F85D1028F2A5E400A10EB9;
					};
					E7F85D3028F2A5E500A10EB9 = {
						CreatedOnToolsVersion = 14.0.1;
						TestTargetID = E7F85D1028F2A5E400A10EB9;
					};
				};
			};
			buildConfigurationList = E7F85D0C28F2A5E400A10EB9 /* Build configuration list for PBXProject "UIKit05_PanGesture_App" */;
			compatibilityVersion = "Xcode 14.0";
			developmentRegion = en;
			hasScannedForEncodings = 0;
			knownRegions = (
				en,
				Base,
			);
			mainGroup = E7F85D0828F2A5E400A10EB9;
			productRefGroup = E7F85D1228F2A5E400A10EB9 /* Products */;
			projectDirPath = "";
			projectRoot = "";
			targets = (
				E7F85D1028F2A5E400A10EB9 /* UIKit05_PanGesture_App */,
				E7F85D2628F2A5E500A10EB9 /* UIKit05_PanGesture_AppTests */,
				E7F85D3028F2A5E500A10EB9 /* UIKit05_PanGesture_AppUITests */,
			);
		};
/* End PBXProject section */

/* Begin PBXResourcesBuildPhase section */
		E7F85D0F28F2A5E400A10EB9 /* Resources */ = {
			isa = PBXResourcesBuildPhase;
			buildActionMask = 2147483647;
			files = (
				E7F85D2128F2A5E500A10EB9 /* LaunchScreen.storyboard in Resources */,
				E7F85D1E28F2A5E500A10EB9 /* Assets.xcassets in Resources */,
				E7F85D1C28F2A5E400A10EB9 /* Main.storyboard in Resources */,
			);
			runOnlyForDeploymentPostprocessing = 0;
		};
		E7F85D2528F2A5E500A10EB9 /* Resources */ = {
			isa = PBXResourcesBuildPhase;
			buildActionMask = 2147483647;
			files = (
			);
			runOnlyForDeploymentPostprocessing = 0;
		};
		E7F85D2F28F2A5E500A10EB9 /* Resources */ = {
			isa = PBXResourcesBuildPhase;
			buildActionMask = 2147483647;
			files = (
			);
			runOnlyForDeploymentPostprocessing = 0;
		};
/* End PBXResourcesBuildPhase section */

/* Begin PBXSourcesBuildPhase section */
		E7F85D0D28F2A5E400A10EB9 /* Sources */ = {
			isa = PBXSourcesBuildPhase;
			buildActionMask = 2147483647;
			files = (
				E7F85D1928F2A5E400A10EB9 /* ViewController.swift in Sources */,
				E7F85D1528F2A5E400A10EB9 /* AppDelegate.swift in Sources */,
				E7F85D4528F2A63300A10EB9 /* DraggableView.swift in Sources */,
				E7F85D1728F2A5E400A10EB9 /* SceneDelegate.swift in Sources */,
			);
			runOnlyForDeploymentPostprocessing = 0;
		};
		E7F85D2328F2A5E500A10EB9 /* Sources */ = {
			isa = PBXSourcesBuildPhase;
			buildActionMask = 2147483647;
			files = (
				E7F85D2C28F2A5E500A10EB9 /* UIKit05_PanGesture_AppTests.swift in Sources */,
			);
			runOnlyForDeploymentPostprocessing = 0;
		};
		E7F85D2D28F2A5E500A10EB9 /* Sources */ = {
			isa = PBXSourcesBuildPhase;
			buildActionMask = 2147483647;
			files = (
				E7F85D3828F2A5E500A10EB9 /* UIKit05_PanGesture_AppUITestsLaunchTests.swift in Sources */,
				E7F85D3628F2A5E500A10EB9 /* UIKit05_PanGesture_AppUITests.swift in Sources */,
			);
			runOnlyForDeploymentPostprocessing = 0;
		};
/* End PBXSourcesBuildPhase section */

/* Begin PBXTargetDependency section */
		E7F85D2928F2A5E500A10EB9 /* PBXTargetDependency */ = {
			isa = PBXTargetDependency;
			target = E7F85D1028F2A5E400A10EB9 /* UIKit05_PanGesture_App */;
			targetProxy = E7F85D2828F2A5E500A10EB9 /* PBXContainerItemProxy */;
		};
		E7F85D3328F2A5E500A10EB9 /* PBXTargetDependency */ = {
			isa = PBXTargetDependency;
			target = E7F85D1028F2A5E400A10EB9 /* UIKit05_PanGesture_App */;
			targetProxy = E7F85D3228F2A5E500A10EB9 /* PBXContainerItemProxy */;
		};
/* End PBXTargetDependency section */

/* Begin PBXVariantGroup section */
		E7F85D1A28F2A5E400A10EB9 /* Main.storyboard */ = {
			isa = PBXVariantGroup;
			children = (
				E7F85D1B28F2A5E400A10EB9 /* Base */,
			);
			name = Main.storyboard;
			sourceTree = "<group>";
		};
		E7F85D1F28F2A5E500A10EB9 /* LaunchScreen.storyboard */ = {
			isa = PBXVariantGroup;
			children = (
				E7F85D2028F2A5E500A10EB9 /* Base */,
			);
			name = LaunchScreen.storyboard;
			sourceTree = "<group>";
		};
/* End PBXVariantGroup section */

/* Begin XCBuildConfiguration section */
		E7F85D3928F2A5E500A10EB9 /* Debug */ = {
			isa = XCBuildConfiguration;
			buildSettings = {
				ALWAYS_SEARCH_USER_PATHS = NO;
				CLANG_ANALYZER_NONNULL = YES;
				CLANG_ANALYZER_NUMBER_OBJECT_CONVERSION = YES_AGGRESSIVE;
				CLANG_CXX_LANGUAGE_STANDARD = "gnu++20";
				CLANG_ENABLE_MODULES = YES;
				CLANG_ENABLE_OBJC_ARC = YES;
				CLANG_ENABLE_OBJC_WEAK = YES;
				CLANG_WARN_BLOCK_CAPTURE_AUTORELEASING = YES;
				CLANG_WARN_BOOL_CONVERSION = YES;
				CLANG_WARN_COMMA = YES;
				CLANG_WARN_CONSTANT_CONVERSION = YES;
				CLANG_WARN_DEPRECATED_OBJC_IMPLEMENTATIONS = YES;
				CLANG_WARN_DIRECT_OBJC_ISA_USAGE = YES_ERROR;
				CLANG_WARN_DOCUMENTATION_COMMENTS = YES;
				CLANG_WARN_EMPTY_BODY = YES;
				CLANG_WARN_ENUM_CONVERSION = YES;
				CLANG_WARN_INFINITE_RECURSION = YES;
				CLANG_WARN_INT_CONVERSION = YES;
				CLANG_WARN_NON_LITERAL_NULL_CONVERSION = YES;
				CLANG_WARN_OBJC_IMPLICIT_RETAIN_SELF = YES;
				CLANG_WARN_OBJC_LITERAL_CONVERSION = YES;
				CLANG_WARN_OBJC_ROOT_CLASS = YES_ERROR;
				CLANG_WARN_QUOTED_INCLUDE_IN_FRAMEWORK_HEADER = YES;
				CLANG_WARN_RANGE_LOOP_ANALYSIS = YES;
				CLANG_WARN_STRICT_PROTOTYPES = YES;
				CLANG_WARN_SUSPICIOUS_MOVE = YES;
				CLANG_WARN_UNGUARDED_AVAILABILITY = YES_AGGRESSIVE;
				CLANG_WARN_UNREACHABLE_CODE = YES;
				CLANG_WARN__DUPLICATE_METHOD_MATCH = YES;
				COPY_PHASE_STRIP = NO;
				DEBUG_INFORMATION_FORMAT = dwarf;
				ENABLE_STRICT_OBJC_MSGSEND = YES;
				ENABLE_TESTABILITY = YES;
				GCC_C_LANGUAGE_STANDARD = gnu11;
				GCC_DYNAMIC_NO_PIC = NO;
				GCC_NO_COMMON_BLOCKS = YES;
				GCC_OPTIMIZATION_LEVEL = 0;
				GCC_PREPROCESSOR_DEFINITIONS = (
					"DEBUG=1",
					"$(inherited)",
				);
				GCC_WARN_64_TO_32_BIT_CONVERSION = YES;
				GCC_WARN_ABOUT_RETURN_TYPE = YES_ERROR;
				GCC_WARN_UNDECLARED_SELECTOR = YES;
				GCC_WARN_UNINITIALIZED_AUTOS = YES_AGGRESSIVE;
				GCC_WARN_UNUSED_FUNCTION = YES;
				GCC_WARN_UNUSED_VARIABLE = YES;
				IPHONEOS_DEPLOYMENT_TARGET = 16.0;
				MTL_ENABLE_DEBUG_INFO = INCLUDE_SOURCE;
				MTL_FAST_MATH = YES;
				ONLY_ACTIVE_ARCH = YES;
				SDKROOT = iphoneos;
				SWIFT_ACTIVE_COMPILATION_CONDITIONS = DEBUG;
				SWIFT_OPTIMIZATION_LEVEL = "-Onone";
			};
			name = Debug;
		};
		E7F85D3A28F2A5E500A10EB9 /* Release */ = {
			isa = XCBuildConfiguration;
			buildSettings = {
				ALWAYS_SEARCH_USER_PATHS = NO;
				CLANG_ANALYZER_NONNULL = YES;
				CLANG_ANALYZER_NUMBER_OBJECT_CONVERSION = YES_AGGRESSIVE;
				CLANG_CXX_LANGUAGE_STANDARD = "gnu++20";
				CLANG_ENABLE_MODULES = YES;
				CLANG_ENABLE_OBJC_ARC = YES;
				CLANG_ENABLE_OBJC_WEAK = YES;
				CLANG_WARN_BLOCK_CAPTURE_AUTORELEASING = YES;
				CLANG_WARN_BOOL_CONVERSION = YES;
				CLANG_WARN_COMMA = YES;
				CLANG_WARN_CONSTANT_CONVERSION = YES;
				CLANG_WARN_DEPRECATED_OBJC_IMPLEMENTATIONS = YES;
				CLANG_WARN_DIRECT_OBJC_ISA_USAGE = YES_ERROR;
				CLANG_WARN_DOCUMENTATION_COMMENTS = YES;
				CLANG_WARN_EMPTY_BODY = YES;
				CLANG_WARN_ENUM_CONVERSION = YES;
				CLANG_WARN_INFINITE_RECURSION = YES;
				CLANG_WARN_INT_CONVERSION = YES;
				CLANG_WARN_NON_LITERAL_NULL_CONVERSION = YES;
				CLANG_WARN_OBJC_IMPLICIT_RETAIN_SELF = YES;
				CLANG_WARN_OBJC_LITERAL_CONVERSION = YES;
				CLANG_WARN_OBJC_ROOT_CLASS = YES_ERROR;
				CLANG_WARN_QUOTED_INCLUDE_IN_FRAMEWORK_HEADER = YES;
				CLANG_WARN_RANGE_LOOP_ANALYSIS = YES;
				CLANG_WARN_STRICT_PROTOTYPES = YES;
				CLANG_WARN_SUSPICIOUS_MOVE = YES;
				CLANG_WARN_UNGUARDED_AVAILABILITY = YES_AGGRESSIVE;
				CLANG_WARN_UNREACHABLE_CODE = YES;
				CLANG_WARN__DUPLICATE_METHOD_MATCH = YES;
				COPY_PHASE_STRIP = NO;
				DEBUG_INFORMATION_FORMAT = "dwarf-with-dsym";
				ENABLE_NS_ASSERTIONS = NO;
				ENABLE_STRICT_OBJC_MSGSEND = YES;
				GCC_C_LANGUAGE_STANDARD = gnu11;
				GCC_NO_COMMON_BLOCKS = YES;
				GCC_WARN_64_TO_32_BIT_CONVERSION = YES;
				GCC_WARN_ABOUT_RETURN_TYPE = YES_ERROR;
				GCC_WARN_UNDECLARED_SELECTOR = YES;
				GCC_WARN_UNINITIALIZED_AUTOS = YES_AGGRESSIVE;
				GCC_WARN_UNUSED_FUNCTION = YES;
				GCC_WARN_UNUSED_VARIABLE = YES;
				IPHONEOS_DEPLOYMENT_TARGET = 16.0;
				MTL_ENABLE_DEBUG_INFO = NO;
				MTL_FAST_MATH = YES;
				SDKROOT = iphoneos;
				SWIFT_COMPILATION_MODE = wholemodule;
				SWIFT_OPTIMIZATION_LEVEL = "-O";
				VALIDATE_PRODUCT = YES;
			};
			name = Release;
		};
		E7F85D3C28F2A5E500A10EB9 /* Debug */ = {
			isa = XCBuildConfiguration;
			buildSettings = {
				ASSETCATALOG_COMPILER_APPICON_NAME = AppIcon;
				ASSETCATALOG_COMPILER_GLOBAL_ACCENT_COLOR_NAME = AccentColor;
				CODE_SIGN_STYLE = Automatic;
				CURRENT_PROJECT_VERSION = 1;
				DEVELOPMENT_TEAM = CZ5YWYKC63;
				GENERATE_INFOPLIST_FILE = YES;
				INFOPLIST_FILE = UIKit05_PanGesture_App/Info.plist;
				INFOPLIST_KEY_UIApplicationSupportsIndirectInputEvents = YES;
				INFOPLIST_KEY_UILaunchStoryboardName = LaunchScreen;
				INFOPLIST_KEY_UIMainStoryboardFile = Main;
				INFOPLIST_KEY_UISupportedInterfaceOrientations_iPad = "UIInterfaceOrientationPortrait UIInterfaceOrientationPortraitUpsideDown UIInterfaceOrientationLandscapeLeft UIInterfaceOrientationLandscapeRight";
				INFOPLIST_KEY_UISupportedInterfaceOrientations_iPhone = "UIInterfaceOrientationPortrait UIInterfaceOrientationLandscapeLeft UIInterfaceOrientationLandscapeRight";
				LD_RUNPATH_SEARCH_PATHS = (
					"$(inherited)",
					"@executable_path/Frameworks",
				);
				MARKETING_VERSION = 1.0;
				PRODUCT_BUNDLE_IDENTIFIER = "junaem.UIKit05-PanGesture-App";
				PRODUCT_NAME = "$(TARGET_NAME)";
				SWIFT_EMIT_LOC_STRINGS = YES;
				SWIFT_VERSION = 5.0;
				TARGETED_DEVICE_FAMILY = "1,2";
			};
			name = Debug;
		};
		E7F85D3D28F2A5E500A10EB9 /* Release */ = {
			isa = XCBuildConfiguration;
			buildSettings = {
				ASSETCATALOG_COMPILER_APPICON_NAME = AppIcon;
				ASSETCATALOG_COMPILER_GLOBAL_ACCENT_COLOR_NAME = AccentColor;
				CODE_SIGN_STYLE = Automatic;
				CURRENT_PROJECT_VERSION = 1;
				DEVELOPMENT_TEAM = CZ5YWYKC63;
				GENERATE_INFOPLIST_FILE = YES;
				INFOPLIST_FILE = UIKit05_PanGesture_App/Info.plist;
				INFOPLIST_KEY_UIApplicationSupportsIndirectInputEvents = YES;
				INFOPLIST_KEY_UILaunchStoryboardName = LaunchScreen;
				INFOPLIST_KEY_UIMainStoryboardFile = Main;
				INFOPLIST_KEY_UISupportedInterfaceOrientations_iPad = "UIInterfaceOrientationPortrait UIInterfaceOrientationPortraitUpsideDown UIInterfaceOrientationLandscapeLeft UIInterfaceOrientationLandscapeRight";
				INFOPLIST_KEY_UISupportedInterfaceOrientations_iPhone = "UIInterfaceOrientationPortrait UIInterfaceOrientationLandscapeLeft UIInterfaceOrientationLandscapeRight";
				LD_RUNPATH_SEARCH_PATHS = (
					"$(inherited)",
					"@executable_path/Frameworks",
				);
				MARKETING_VERSION = 1.0;
				PRODUCT_BUNDLE_IDENTIFIER = "junaem.UIKit05-PanGesture-App";
				PRODUCT_NAME = "$(TARGET_NAME)";
				SWIFT_EMIT_LOC_STRINGS = YES;
				SWIFT_VERSION = 5.0;
				TARGETED_DEVICE_FAMILY = "1,2";
			};
			name = Release;
		};
		E7F85D3F28F2A5E500A10EB9 /* Debug */ = {
			isa = XCBuildConfiguration;
			buildSettings = {
				ALWAYS_EMBED_SWIFT_STANDARD_LIBRARIES = YES;
				BUNDLE_LOADER = "$(TEST_HOST)";
				CODE_SIGN_STYLE = Automatic;
				CURRENT_PROJECT_VERSION = 1;
				DEVELOPMENT_TEAM = CZ5YWYKC63;
				GENERATE_INFOPLIST_FILE = YES;
				IPHONEOS_DEPLOYMENT_TARGET = 16.0;
				MARKETING_VERSION = 1.0;
				PRODUCT_BUNDLE_IDENTIFIER = "junaem.UIKit05-PanGesture-AppTests";
				PRODUCT_NAME = "$(TARGET_NAME)";
				SWIFT_EMIT_LOC_STRINGS = NO;
				SWIFT_VERSION = 5.0;
				TARGETED_DEVICE_FAMILY = "1,2";
				TEST_HOST = "$(BUILT_PRODUCTS_DIR)/UIKit05_PanGesture_App.app/$(BUNDLE_EXECUTABLE_FOLDER_PATH)/UIKit05_PanGesture_App";
			};
			name = Debug;
		};
		E7F85D4028F2A5E500A10EB9 /* Release */ = {
			isa = XCBuildConfiguration;
			buildSettings = {
				ALWAYS_EMBED_SWIFT_STANDARD_LIBRARIES = YES;
				BUNDLE_LOADER = "$(TEST_HOST)";
				CODE_SIGN_STYLE = Automatic;
				CURRENT_PROJECT_VERSION = 1;
				DEVELOPMENT_TEAM = CZ5YWYKC63;
				GENERATE_INFOPLIST_FILE = YES;
				IPHONEOS_DEPLOYMENT_TARGET = 16.0;
				MARKETING_VERSION = 1.0;
				PRODUCT_BUNDLE_IDENTIFIER = "junaem.UIKit05-PanGesture-AppTests";
				PRODUCT_NAME = "$(TARGET_NAME)";
				SWIFT_EMIT_LOC_STRINGS = NO;
				SWIFT_VERSION = 5.0;
				TARGETED_DEVICE_FAMILY = "1,2";
				TEST_HOST = "$(BUILT_PRODUCTS_DIR)/UIKit05_PanGesture_App.app/$(BUNDLE_EXECUTABLE_FOLDER_PATH)/UIKit05_PanGesture_App";
			};
			name = Release;
		};
		E7F85D4228F2A5E500A10EB9 /* Debug */ = {
			isa = XCBuildConfiguration;
			buildSettings = {
				ALWAYS_EMBED_SWIFT_STANDARD_LIBRARIES = YES;
				CODE_SIGN_STYLE = Automatic;
				CURRENT_PROJECT_VERSION = 1;
				DEVELOPMENT_TEAM = CZ5YWYKC63;
				GENERATE_INFOPLIST_FILE = YES;
				MARKETING_VERSION = 1.0;
				PRODUCT_BUNDLE_IDENTIFIER = "junaem.UIKit05-PanGesture-AppUITests";
				PRODUCT_NAME = "$(TARGET_NAME)";
				SWIFT_EMIT_LOC_STRINGS = NO;
				SWIFT_VERSION = 5.0;
				TARGETED_DEVICE_FAMILY = "1,2";
				TEST_TARGET_NAME = UIKit05_PanGesture_App;
			};
			name = Debug;
		};
		E7F85D4328F2A5E500A10EB9 /* Release */ = {
			isa = XCBuildConfiguration;
			buildSettings = {
				ALWAYS_EMBED_SWIFT_STANDARD_LIBRARIES = YES;
				CODE_SIGN_STYLE = Automatic;
				CURRENT_PROJECT_VERSION = 1;
				DEVELOPMENT_TEAM = CZ5YWYKC63;
				GENERATE_INFOPLIST_FILE = YES;
				MARKETING_VERSION = 1.0;
				PRODUCT_BUNDLE_IDENTIFIER = "junaem.UIKit05-PanGesture-AppUITests";
				PRODUCT_NAME = "$(TARGET_NAME)";
				SWIFT_EMIT_LOC_STRINGS = NO;
				SWIFT_VERSION = 5.0;
				TARGETED_DEVICE_FAMILY = "1,2";
				TEST_TARGET_NAME = UIKit05_PanGesture_App;
			};
			name = Release;
		};
/* End XCBuildConfiguration section */

/* Begin XCConfigurationList section */
		E7F85D0C28F2A5E400A10EB9 /* Build configuration list for PBXProject "UIKit05_PanGesture_App" */ = {
			isa = XCConfigurationList;
			buildConfigurations = (
				E7F85D3928F2A5E500A10EB9 /* Debug */,
				E7F85D3A28F2A5E500A10EB9 /* Release */,
			);
			defaultConfigurationIsVisible = 0;
			defaultConfigurationName = Release;
		};
		E7F85D3B28F2A5E500A10EB9 /* Build configuration list for PBXNativeTarget "UIKit05_PanGesture_App" */ = {
			isa = XCConfigurationList;
			buildConfigurations = (
				E7F85D3C28F2A5E500A10EB9 /* Debug */,
				E7F85D3D28F2A5E500A10EB9 /* Release */,
			);
			defaultConfigurationIsVisible = 0;
			defaultConfigurationName = Release;
		};
		E7F85D3E28F2A5E500A10EB9 /* Build configuration list for PBXNativeTarget "UIKit05_PanGesture_AppTests" */ = {
			isa = XCConfigurationList;
			buildConfigurations = (
				E7F85D3F28F2A5E500A10EB9 /* Debug */,
				E7F85D4028F2A5E500A10EB9 /* Release */,
			);
			defaultConfigurationIsVisible = 0;
			defaultConfigurationName = Release;
		};
		E7F85D4128F2A5E500A10EB9 /* Build configuration list for PBXNativeTarget "UIKit05_PanGesture_AppUITests" */ = {
			isa = XCConfigurationList;
			buildConfigurations = (
				E7F85D4228F2A5E500A10EB9 /* Debug */,
				E7F85D4328F2A5E500A10EB9 /* Release */,
			);
			defaultConfigurationIsVisible = 0;
			defaultConfigurationName = Release;
		};
/* End XCConfigurationList section */
	};
	rootObject = E7F85D0928F2A5E400A10EB9 /* Project object */;
}
