// !$*UTF8*$!
{
	archiveVersion = 1;
	classes = {
	};
	objectVersion = 56;
	objects = {

/* Begin PBXBuildFile section */
		E7038C2428F48027006295B7 /* AppDelegate.swift in Sources */ = {isa = PBXBuildFile; fileRef = E7038C2328F48027006295B7 /* AppDelegate.swift */; };
		E7038C2628F48027006295B7 /* SceneDelegate.swift in Sources */ = {isa = PBXBuildFile; fileRef = E7038C2528F48027006295B7 /* SceneDelegate.swift */; };
		E7038C2828F48027006295B7 /* ViewController.swift in Sources */ = {isa = PBXBuildFile; fileRef = E7038C2728F48027006295B7 /* ViewController.swift */; };
		E7038C2B28F48027006295B7 /* Main.storyboard in Resources */ = {isa = PBXBuildFile; fileRef = E7038C2928F48027006295B7 /* Main.storyboard */; };
		E7038C2D28F48027006295B7 /* Assets.xcassets in Resources */ = {isa = PBXBuildFile; fileRef = E7038C2C28F48027006295B7 /* Assets.xcassets */; };
		E7038C3028F48027006295B7 /* LaunchScreen.storyboard in Resources */ = {isa = PBXBuildFile; fileRef = E7038C2E28F48027006295B7 /* LaunchScreen.storyboard */; };
		E7038C3B28F48027006295B7 /* UIKit06_OnBoardingViewTests.swift in Sources */ = {isa = PBXBuildFile; fileRef = E7038C3A28F48027006295B7 /* UIKit06_OnBoardingViewTests.swift */; };
		E7038C4528F48028006295B7 /* UIKit06_OnBoardingViewUITests.swift in Sources */ = {isa = PBXBuildFile; fileRef = E7038C4428F48028006295B7 /* UIKit06_OnBoardingViewUITests.swift */; };
		E7038C4728F48028006295B7 /* UIKit06_OnBoardingViewUITestsLaunchTests.swift in Sources */ = {isa = PBXBuildFile; fileRef = E7038C4628F48028006295B7 /* UIKit06_OnBoardingViewUITestsLaunchTests.swift */; };
		E7038C5528F480E1006295B7 /* OnBoardingItemViewController.swift in Sources */ = {isa = PBXBuildFile; fileRef = E7038C5328F480E1006295B7 /* OnBoardingItemViewController.swift */; };
		E7038C5628F480E1006295B7 /* OnBoardingItemViewController.xib in Resources */ = {isa = PBXBuildFile; fileRef = E7038C5428F480E1006295B7 /* OnBoardingItemViewController.xib */; };
		E7038C5828F48545006295B7 /* OnBoardingPageViewController.swift in Sources */ = {isa = PBXBuildFile; fileRef = E7038C5728F48545006295B7 /* OnBoardingPageViewController.swift */; };
/* End PBXBuildFile section */

/* Begin PBXContainerItemProxy section */
		E7038C3728F48027006295B7 /* PBXContainerItemProxy */ = {
			isa = PBXContainerItemProxy;
			containerPortal = E7038C1828F48027006295B7 /* Project object */;
			proxyType = 1;
			remoteGlobalIDString = E7038C1F28F48027006295B7;
			remoteInfo = UIKit06_OnBoardingView;
		};
		E7038C4128F48028006295B7 /* PBXContainerItemProxy */ = {
			isa = PBXContainerItemProxy;
			containerPortal = E7038C1828F48027006295B7 /* Project object */;
			proxyType = 1;
			remoteGlobalIDString = E7038C1F28F48027006295B7;
			remoteInfo = UIKit06_OnBoardingView;
		};
/* End PBXContainerItemProxy section */

/* Begin PBXFileReference section */
		E7038C2028F48027006295B7 /* UIKit06_OnBoardingView.app */ = {isa = PBXFileReference; explicitFileType = wrapper.application; includeInIndex = 0; path = UIKit06_OnBoardingView.app; sourceTree = BUILT_PRODUCTS_DIR; };
		E7038C2328F48027006295B7 /* AppDelegate.swift */ = {isa = PBXFileReference; lastKnownFileType = sourcecode.swift; path = AppDelegate.swift; sourceTree = "<group>"; };
		E7038C2528F48027006295B7 /* SceneDelegate.swift */ = {isa = PBXFileReference; lastKnownFileType = sourcecode.swift; path = SceneDelegate.swift; sourceTree = "<group>"; };
		E7038C2728F48027006295B7 /* ViewController.swift */ = {isa = PBXFileReference; lastKnownFileType = sourcecode.swift; path = ViewController.swift; sourceTree = "<group>"; };
		E7038C2A28F48027006295B7 /* Base */ = {isa = PBXFileReference; lastKnownFileType = file.storyboard; name = Base; path = Base.lproj/Main.storyboard; sourceTree = "<group>"; };
		E7038C2C28F48027006295B7 /* Assets.xcassets */ = {isa = PBXFileReference; lastKnownFileType = folder.assetcatalog; path = Assets.xcassets; sourceTree = "<group>"; };
		E7038C2F28F48027006295B7 /* Base */ = {isa = PBXFileReference; lastKnownFileType = file.storyboard; name = Base; path = Base.lproj/LaunchScreen.storyboard; sourceTree = "<group>"; };
		E7038C3128F48027006295B7 /* Info.plist */ = {isa = PBXFileReference; lastKnownFileType = text.plist.xml; path = Info.plist; sourceTree = "<group>"; };
		E7038C3628F48027006295B7 /* UIKit06_OnBoardingViewTests.xctest */ = {isa = PBXFileReference; explicitFileType = wrapper.cfbundle; includeInIndex = 0; path = UIKit06_OnBoardingViewTests.xctest; sourceTree = BUILT_PRODUCTS_DIR; };
		E7038C3A28F48027006295B7 /* UIKit06_OnBoardingViewTests.swift */ = {isa = PBXFileReference; lastKnownFileType = sourcecode.swift; path = UIKit06_OnBoardingViewTests.swift; sourceTree = "<group>"; };
		E7038C4028F48028006295B7 /* UIKit06_OnBoardingViewUITests.xctest */ = {isa = PBXFileReference; explicitFileType = wrapper.cfbundle; includeInIndex = 0; path = UIKit06_OnBoardingViewUITests.xctest; sourceTree = BUILT_PRODUCTS_DIR; };
		E7038C4428F48028006295B7 /* UIKit06_OnBoardingViewUITests.swift */ = {isa = PBXFileReference; lastKnownFileType = sourcecode.swift; path = UIKit06_OnBoardingViewUITests.swift; sourceTree = "<group>"; };
		E7038C4628F48028006295B7 /* UIKit06_OnBoardingViewUITestsLaunchTests.swift */ = {isa = PBXFileReference; lastKnownFileType = sourcecode.swift; path = UIKit06_OnBoardingViewUITestsLaunchTests.swift; sourceTree = "<group>"; };
		E7038C5328F480E1006295B7 /* OnBoardingItemViewController.swift */ = {isa = PBXFileReference; lastKnownFileType = sourcecode.swift; path = OnBoardingItemViewController.swift; sourceTree = "<group>"; };
		E7038C5428F480E1006295B7 /* OnBoardingItemViewController.xib */ = {isa = PBXFileReference; lastKnownFileType = file.xib; path = OnBoardingItemViewController.xib; sourceTree = "<group>"; };
		E7038C5728F48545006295B7 /* OnBoardingPageViewController.swift */ = {isa = PBXFileReference; lastKnownFileType = sourcecode.swift; path = OnBoardingPageViewController.swift; sourceTree = "<group>"; };
/* End PBXFileReference section */

/* Begin PBXFrameworksBuildPhase section */
		E7038C1D28F48027006295B7 /* Frameworks */ = {
			isa = PBXFrameworksBuildPhase;
			buildActionMask = 2147483647;
			files = (
			);
			runOnlyForDeploymentPostprocessing = 0;
		};
		E7038C3328F48027006295B7 /* Frameworks */ = {
			isa = PBXFrameworksBuildPhase;
			buildActionMask = 2147483647;
			files = (
			);
			runOnlyForDeploymentPostprocessing = 0;
		};
		E7038C3D28F48028006295B7 /* Frameworks */ = {
			isa = PBXFrameworksBuildPhase;
			buildActionMask = 2147483647;
			files = (
			);
			runOnlyForDeploymentPostprocessing = 0;
		};
/* End PBXFrameworksBuildPhase section */

/* Begin PBXGroup section */
		E7038C1728F48027006295B7 = {
			isa = PBXGroup;
			children = (
				E7038C2228F48027006295B7 /* UIKit06_OnBoardingView */,
				E7038C3928F48027006295B7 /* UIKit06_OnBoardingViewTests */,
				E7038C4328F48028006295B7 /* UIKit06_OnBoardingViewUITests */,
				E7038C2128F48027006295B7 /* Products */,
			);
			sourceTree = "<group>";
		};
		E7038C2128F48027006295B7 /* Products */ = {
			isa = PBXGroup;
			children = (
				E7038C2028F48027006295B7 /* UIKit06_OnBoardingView.app */,
				E7038C3628F48027006295B7 /* UIKit06_OnBoardingViewTests.xctest */,
				E7038C4028F48028006295B7 /* UIKit06_OnBoardingViewUITests.xctest */,
			);
			name = Products;
			sourceTree = "<group>";
		};
		E7038C2228F48027006295B7 /* UIKit06_OnBoardingView */ = {
			isa = PBXGroup;
			children = (
				E7038C2328F48027006295B7 /* AppDelegate.swift */,
				E7038C2528F48027006295B7 /* SceneDelegate.swift */,
				E7038C2728F48027006295B7 /* ViewController.swift */,
				E7038C5328F480E1006295B7 /* OnBoardingItemViewController.swift */,
				E7038C5428F480E1006295B7 /* OnBoardingItemViewController.xib */,
				E7038C5728F48545006295B7 /* OnBoardingPageViewController.swift */,
				E7038C2928F48027006295B7 /* Main.storyboard */,
				E7038C2C28F48027006295B7 /* Assets.xcassets */,
				E7038C2E28F48027006295B7 /* LaunchScreen.storyboard */,
				E7038C3128F48027006295B7 /* Info.plist */,
			);
			path = UIKit06_OnBoardingView;
			sourceTree = "<group>";
		};
		E7038C3928F48027006295B7 /* UIKit06_OnBoardingViewTests */ = {
			isa = PBXGroup;
			children = (
				E7038C3A28F48027006295B7 /* UIKit06_OnBoardingViewTests.swift */,
			);
			path = UIKit06_OnBoardingViewTests;
			sourceTree = "<group>";
		};
		E7038C4328F48028006295B7 /* UIKit06_OnBoardingViewUITests */ = {
			isa = PBXGroup;
			children = (
				E7038C4428F48028006295B7 /* UIKit06_OnBoardingViewUITests.swift */,
				E7038C4628F48028006295B7 /* UIKit06_OnBoardingViewUITestsLaunchTests.swift */,
			);
			path = UIKit06_OnBoardingViewUITests;
			sourceTree = "<group>";
		};
/* End PBXGroup section */

/* Begin PBXNativeTarget section */
		E7038C1F28F48027006295B7 /* UIKit06_OnBoardingView */ = {
			isa = PBXNativeTarget;
			buildConfigurationList = E7038C4A28F48028006295B7 /* Build configuration list for PBXNativeTarget "UIKit06_OnBoardingView" */;
			buildPhases = (
				E7038C1C28F48027006295B7 /* Sources */,
				E7038C1D28F48027006295B7 /* Frameworks */,
				E7038C1E28F48027006295B7 /* Resources */,
			);
			buildRules = (
			);
			dependencies = (
			);
			name = UIKit06_OnBoardingView;
			productName = UIKit06_OnBoardingView;
			productReference = E7038C2028F48027006295B7 /* UIKit06_OnBoardingView.app */;
			productType = "com.apple.product-type.application";
		};
		E7038C3528F48027006295B7 /* UIKit06_OnBoardingViewTests */ = {
			isa = PBXNativeTarget;
			buildConfigurationList = E7038C4D28F48028006295B7 /* Build configuration list for PBXNativeTarget "UIKit06_OnBoardingViewTests" */;
			buildPhases = (
				E7038C3228F48027006295B7 /* Sources */,
				E7038C3328F48027006295B7 /* Frameworks */,
				E7038C3428F48027006295B7 /* Resources */,
			);
			buildRules = (
			);
			dependencies = (
				E7038C3828F48027006295B7 /* PBXTargetDependency */,
			);
			name = UIKit06_OnBoardingViewTests;
			productName = UIKit06_OnBoardingViewTests;
			productReference = E7038C3628F48027006295B7 /* UIKit06_OnBoardingViewTests.xctest */;
			productType = "com.apple.product-type.bundle.unit-test";
		};
		E7038C3F28F48028006295B7 /* UIKit06_OnBoardingViewUITests */ = {
			isa = PBXNativeTarget;
			buildConfigurationList = E7038C5028F48028006295B7 /* Build configuration list for PBXNativeTarget "UIKit06_OnBoardingViewUITests" */;
			buildPhases = (
				E7038C3C28F48028006295B7 /* Sources */,
				E7038C3D28F48028006295B7 /* Frameworks */,
				E7038C3E28F48028006295B7 /* Resources */,
			);
			buildRules = (
			);
			dependencies = (
				E7038C4228F48028006295B7 /* PBXTargetDependency */,
			);
			name = UIKit06_OnBoardingViewUITests;
			productName = UIKit06_OnBoardingViewUITests;
			productReference = E7038C4028F48028006295B7 /* UIKit06_OnBoardingViewUITests.xctest */;
			productType = "com.apple.product-type.bundle.ui-testing";
		};
/* End PBXNativeTarget section */

/* Begin PBXProject section */
		E7038C1828F48027006295B7 /* Project object */ = {
			isa = PBXProject;
			attributes = {
				BuildIndependentTargetsInParallel = 1;
				LastSwiftUpdateCheck = 1400;
				LastUpgradeCheck = 1400;
				TargetAttributes = {
					E7038C1F28F48027006295B7 = {
						CreatedOnToolsVersion = 14.0.1;
					};
					E7038C3528F48027006295B7 = {
						CreatedOnToolsVersion = 14.0.1;
						TestTargetID = E7038C1F28F48027006295B7;
					};
					E7038C3F28F48028006295B7 = {
						CreatedOnToolsVersion = 14.0.1;
						TestTargetID = E7038C1F28F48027006295B7;
					};
				};
			};
			buildConfigurationList = E7038C1B28F48027006295B7 /* Build configuration list for PBXProject "UIKit06_OnBoardingView" */;
			compatibilityVersion = "Xcode 14.0";
			developmentRegion = en;
			hasScannedForEncodings = 0;
			knownRegions = (
				en,
				Base,
			);
			mainGroup = E7038C1728F48027006295B7;
			productRefGroup = E7038C2128F48027006295B7 /* Products */;
			projectDirPath = "";
			projectRoot = "";
			targets = (
				E7038C1F28F48027006295B7 /* UIKit06_OnBoardingView */,
				E7038C3528F48027006295B7 /* UIKit06_OnBoardingViewTests */,
				E7038C3F28F48028006295B7 /* UIKit06_OnBoardingViewUITests */,
			);
		};
/* End PBXProject section */

/* Begin PBXResourcesBuildPhase section */
		E7038C1E28F48027006295B7 /* Resources */ = {
			isa = PBXResourcesBuildPhase;
			buildActionMask = 2147483647;
			files = (
				E7038C5628F480E1006295B7 /* OnBoardingItemViewController.xib in Resources */,
				E7038C3028F48027006295B7 /* LaunchScreen.storyboard in Resources */,
				E7038C2D28F48027006295B7 /* Assets.xcassets in Resources */,
				E7038C2B28F48027006295B7 /* Main.storyboard in Resources */,
			);
			runOnlyForDeploymentPostprocessing = 0;
		};
		E7038C3428F48027006295B7 /* Resources */ = {
			isa = PBXResourcesBuildPhase;
			buildActionMask = 2147483647;
			files = (
			);
			runOnlyForDeploymentPostprocessing = 0;
		};
		E7038C3E28F48028006295B7 /* Resources */ = {
			isa = PBXResourcesBuildPhase;
			buildActionMask = 2147483647;
			files = (
			);
			runOnlyForDeploymentPostprocessing = 0;
		};
/* End PBXResourcesBuildPhase section */

/* Begin PBXSourcesBuildPhase section */
		E7038C1C28F48027006295B7 /* Sources */ = {
			isa = PBXSourcesBuildPhase;
			buildActionMask = 2147483647;
			files = (
				E7038C2828F48027006295B7 /* ViewController.swift in Sources */,
				E7038C2428F48027006295B7 /* AppDelegate.swift in Sources */,
				E7038C5828F48545006295B7 /* OnBoardingPageViewController.swift in Sources */,
				E7038C5528F480E1006295B7 /* OnBoardingItemViewController.swift in Sources */,
				E7038C2628F48027006295B7 /* SceneDelegate.swift in Sources */,
			);
			runOnlyForDeploymentPostprocessing = 0;
		};
		E7038C3228F48027006295B7 /* Sources */ = {
			isa = PBXSourcesBuildPhase;
			buildActionMask = 2147483647;
			files = (
				E7038C3B28F48027006295B7 /* UIKit06_OnBoardingViewTests.swift in Sources */,
			);
			runOnlyForDeploymentPostprocessing = 0;
		};
		E7038C3C28F48028006295B7 /* Sources */ = {
			isa = PBXSourcesBuildPhase;
			buildActionMask = 2147483647;
			files = (
				E7038C4528F48028006295B7 /* UIKit06_OnBoardingViewUITests.swift in Sources */,
				E7038C4728F48028006295B7 /* UIKit06_OnBoardingViewUITestsLaunchTests.swift in Sources */,
			);
			runOnlyForDeploymentPostprocessing = 0;
		};
/* End PBXSourcesBuildPhase section */

/* Begin PBXTargetDependency section */
		E7038C3828F48027006295B7 /* PBXTargetDependency */ = {
			isa = PBXTargetDependency;
			target = E7038C1F28F48027006295B7 /* UIKit06_OnBoardingView */;
			targetProxy = E7038C3728F48027006295B7 /* PBXContainerItemProxy */;
		};
		E7038C4228F48028006295B7 /* PBXTargetDependency */ = {
			isa = PBXTargetDependency;
			target = E7038C1F28F48027006295B7 /* UIKit06_OnBoardingView */;
			targetProxy = E7038C4128F48028006295B7 /* PBXContainerItemProxy */;
		};
/* End PBXTargetDependency section */

/* Begin PBXVariantGroup section */
		E7038C2928F48027006295B7 /* Main.storyboard */ = {
			isa = PBXVariantGroup;
			children = (
				E7038C2A28F48027006295B7 /* Base */,
			);
			name = Main.storyboard;
			sourceTree = "<group>";
		};
		E7038C2E28F48027006295B7 /* LaunchScreen.storyboard */ = {
			isa = PBXVariantGroup;
			children = (
				E7038C2F28F48027006295B7 /* Base */,
			);
			name = LaunchScreen.storyboard;
			sourceTree = "<group>";
		};
/* End PBXVariantGroup section */

/* Begin XCBuildConfiguration section */
		E7038C4828F48028006295B7 /* Debug */ = {
			isa = XCBuildConfiguration;
			buildSettings = {
				ALWAYS_SEARCH_USER_PATHS = NO;
				CLANG_ANALYZER_NONNULL = YES;
				CLANG_ANALYZER_NUMBER_OBJECT_CONVERSION = YES_AGGRESSIVE;
				CLANG_CXX_LANGUAGE_STANDARD = "gnu++20";
				CLANG_ENABLE_MODULES = YES;
				CLANG_ENABLE_OBJC_ARC = YES;
				CLANG_ENABLE_OBJC_WEAK = YES;
				CLANG_WARN_BLOCK_CAPTURE_AUTORELEASING = YES;
				CLANG_WARN_BOOL_CONVERSION = YES;
				CLANG_WARN_COMMA = YES;
				CLANG_WARN_CONSTANT_CONVERSION = YES;
				CLANG_WARN_DEPRECATED_OBJC_IMPLEMENTATIONS = YES;
				CLANG_WARN_DIRECT_OBJC_ISA_USAGE = YES_ERROR;
				CLANG_WARN_DOCUMENTATION_COMMENTS = YES;
				CLANG_WARN_EMPTY_BODY = YES;
				CLANG_WARN_ENUM_CONVERSION = YES;
				CLANG_WARN_INFINITE_RECURSION = YES;
				CLANG_WARN_INT_CONVERSION = YES;
				CLANG_WARN_NON_LITERAL_NULL_CONVERSION = YES;
				CLANG_WARN_OBJC_IMPLICIT_RETAIN_SELF = YES;
				CLANG_WARN_OBJC_LITERAL_CONVERSION = YES;
				CLANG_WARN_OBJC_ROOT_CLASS = YES_ERROR;
				CLANG_WARN_QUOTED_INCLUDE_IN_FRAMEWORK_HEADER = YES;
				CLANG_WARN_RANGE_LOOP_ANALYSIS = YES;
				CLANG_WARN_STRICT_PROTOTYPES = YES;
				CLANG_WARN_SUSPICIOUS_MOVE = YES;
				CLANG_WARN_UNGUARDED_AVAILABILITY = YES_AGGRESSIVE;
				CLANG_WARN_UNREACHABLE_CODE = YES;
				CLANG_WARN__DUPLICATE_METHOD_MATCH = YES;
				COPY_PHASE_STRIP = NO;
				DEBUG_INFORMATION_FORMAT = dwarf;
				ENABLE_STRICT_OBJC_MSGSEND = YES;
				ENABLE_TESTABILITY = YES;
				GCC_C_LANGUAGE_STANDARD = gnu11;
				GCC_DYNAMIC_NO_PIC = NO;
				GCC_NO_COMMON_BLOCKS = YES;
				GCC_OPTIMIZATION_LEVEL = 0;
				GCC_PREPROCESSOR_DEFINITIONS = (
					"DEBUG=1",
					"$(inherited)",
				);
				GCC_WARN_64_TO_32_BIT_CONVERSION = YES;
				GCC_WARN_ABOUT_RETURN_TYPE = YES_ERROR;
				GCC_WARN_UNDECLARED_SELECTOR = YES;
				GCC_WARN_UNINITIALIZED_AUTOS = YES_AGGRESSIVE;
				GCC_WARN_UNUSED_FUNCTION = YES;
				GCC_WARN_UNUSED_VARIABLE = YES;
				IPHONEOS_DEPLOYMENT_TARGET = 16.0;
				MTL_ENABLE_DEBUG_INFO = INCLUDE_SOURCE;
				MTL_FAST_MATH = YES;
				ONLY_ACTIVE_ARCH = YES;
				SDKROOT = iphoneos;
				SWIFT_ACTIVE_COMPILATION_CONDITIONS = DEBUG;
				SWIFT_OPTIMIZATION_LEVEL = "-Onone";
			};
			name = Debug;
		};
		E7038C4928F48028006295B7 /* Release */ = {
			isa = XCBuildConfiguration;
			buildSettings = {
				ALWAYS_SEARCH_USER_PATHS = NO;
				CLANG_ANALYZER_NONNULL = YES;
				CLANG_ANALYZER_NUMBER_OBJECT_CONVERSION = YES_AGGRESSIVE;
				CLANG_CXX_LANGUAGE_STANDARD = "gnu++20";
				CLANG_ENABLE_MODULES = YES;
				CLANG_ENABLE_OBJC_ARC = YES;
				CLANG_ENABLE_OBJC_WEAK = YES;
				CLANG_WARN_BLOCK_CAPTURE_AUTORELEASING = YES;
				CLANG_WARN_BOOL_CONVERSION = YES;
				CLANG_WARN_COMMA = YES;
				CLANG_WARN_CONSTANT_CONVERSION = YES;
				CLANG_WARN_DEPRECATED_OBJC_IMPLEMENTATIONS = YES;
				CLANG_WARN_DIRECT_OBJC_ISA_USAGE = YES_ERROR;
				CLANG_WARN_DOCUMENTATION_COMMENTS = YES;
				CLANG_WARN_EMPTY_BODY = YES;
				CLANG_WARN_ENUM_CONVERSION = YES;
				CLANG_WARN_INFINITE_RECURSION = YES;
				CLANG_WARN_INT_CONVERSION = YES;
				CLANG_WARN_NON_LITERAL_NULL_CONVERSION = YES;
				CLANG_WARN_OBJC_IMPLICIT_RETAIN_SELF = YES;
				CLANG_WARN_OBJC_LITERAL_CONVERSION = YES;
				CLANG_WARN_OBJC_ROOT_CLASS = YES_ERROR;
				CLANG_WARN_QUOTED_INCLUDE_IN_FRAMEWORK_HEADER = YES;
				CLANG_WARN_RANGE_LOOP_ANALYSIS = YES;
				CLANG_WARN_STRICT_PROTOTYPES = YES;
				CLANG_WARN_SUSPICIOUS_MOVE = YES;
				CLANG_WARN_UNGUARDED_AVAILABILITY = YES_AGGRESSIVE;
				CLANG_WARN_UNREACHABLE_CODE = YES;
				CLANG_WARN__DUPLICATE_METHOD_MATCH = YES;
				COPY_PHASE_STRIP = NO;
				DEBUG_INFORMATION_FORMAT = "dwarf-with-dsym";
				ENABLE_NS_ASSERTIONS = NO;
				ENABLE_STRICT_OBJC_MSGSEND = YES;
				GCC_C_LANGUAGE_STANDARD = gnu11;
				GCC_NO_COMMON_BLOCKS = YES;
				GCC_WARN_64_TO_32_BIT_CONVERSION = YES;
				GCC_WARN_ABOUT_RETURN_TYPE = YES_ERROR;
				GCC_WARN_UNDECLARED_SELECTOR = YES;
				GCC_WARN_UNINITIALIZED_AUTOS = YES_AGGRESSIVE;
				GCC_WARN_UNUSED_FUNCTION = YES;
				GCC_WARN_UNUSED_VARIABLE = YES;
				IPHONEOS_DEPLOYMENT_TARGET = 16.0;
				MTL_ENABLE_DEBUG_INFO = NO;
				MTL_FAST_MATH = YES;
				SDKROOT = iphoneos;
				SWIFT_COMPILATION_MODE = wholemodule;
				SWIFT_OPTIMIZATION_LEVEL = "-O";
				VALIDATE_PRODUCT = YES;
			};
			name = Release;
		};
		E7038C4B28F48028006295B7 /* Debug */ = {
			isa = XCBuildConfiguration;
			buildSettings = {
				ASSETCATALOG_COMPILER_APPICON_NAME = AppIcon;
				ASSETCATALOG_COMPILER_GLOBAL_ACCENT_COLOR_NAME = AccentColor;
				CODE_SIGN_STYLE = Automatic;
				CURRENT_PROJECT_VERSION = 1;
				DEVELOPMENT_TEAM = CZ5YWYKC63;
				GENERATE_INFOPLIST_FILE = YES;
				INFOPLIST_FILE = UIKit06_OnBoardingView/Info.plist;
				INFOPLIST_KEY_UIApplicationSupportsIndirectInputEvents = YES;
				INFOPLIST_KEY_UILaunchStoryboardName = LaunchScreen;
				INFOPLIST_KEY_UIMainStoryboardFile = Main;
				INFOPLIST_KEY_UISupportedInterfaceOrientations_iPad = "UIInterfaceOrientationPortrait UIInterfaceOrientationPortraitUpsideDown UIInterfaceOrientationLandscapeLeft UIInterfaceOrientationLandscapeRight";
				INFOPLIST_KEY_UISupportedInterfaceOrientations_iPhone = "UIInterfaceOrientationPortrait UIInterfaceOrientationLandscapeLeft UIInterfaceOrientationLandscapeRight";
				LD_RUNPATH_SEARCH_PATHS = (
					"$(inherited)",
					"@executable_path/Frameworks",
				);
				MARKETING_VERSION = 1.0;
				PRODUCT_BUNDLE_IDENTIFIER = "junaem.UIKit06-OnBoardingView";
				PRODUCT_NAME = "$(TARGET_NAME)";
				SWIFT_EMIT_LOC_STRINGS = YES;
				SWIFT_VERSION = 5.0;
				TARGETED_DEVICE_FAMILY = "1,2";
			};
			name = Debug;
		};
		E7038C4C28F48028006295B7 /* Release */ = {
			isa = XCBuildConfiguration;
			buildSettings = {
				ASSETCATALOG_COMPILER_APPICON_NAME = AppIcon;
				ASSETCATALOG_COMPILER_GLOBAL_ACCENT_COLOR_NAME = AccentColor;
				CODE_SIGN_STYLE = Automatic;
				CURRENT_PROJECT_VERSION = 1;
				DEVELOPMENT_TEAM = CZ5YWYKC63;
				GENERATE_INFOPLIST_FILE = YES;
				INFOPLIST_FILE = UIKit06_OnBoardingView/Info.plist;
				INFOPLIST_KEY_UIApplicationSupportsIndirectInputEvents = YES;
				INFOPLIST_KEY_UILaunchStoryboardName = LaunchScreen;
				INFOPLIST_KEY_UIMainStoryboardFile = Main;
				INFOPLIST_KEY_UISupportedInterfaceOrientations_iPad = "UIInterfaceOrientationPortrait UIInterfaceOrientationPortraitUpsideDown UIInterfaceOrientationLandscapeLeft UIInterfaceOrientationLandscapeRight";
				INFOPLIST_KEY_UISupportedInterfaceOrientations_iPhone = "UIInterfaceOrientationPortrait UIInterfaceOrientationLandscapeLeft UIInterfaceOrientationLandscapeRight";
				LD_RUNPATH_SEARCH_PATHS = (
					"$(inherited)",
					"@executable_path/Frameworks",
				);
				MARKETING_VERSION = 1.0;
				PRODUCT_BUNDLE_IDENTIFIER = "junaem.UIKit06-OnBoardingView";
				PRODUCT_NAME = "$(TARGET_NAME)";
				SWIFT_EMIT_LOC_STRINGS = YES;
				SWIFT_VERSION = 5.0;
				TARGETED_DEVICE_FAMILY = "1,2";
			};
			name = Release;
		};
		E7038C4E28F48028006295B7 /* Debug */ = {
			isa = XCBuildConfiguration;
			buildSettings = {
				ALWAYS_EMBED_SWIFT_STANDARD_LIBRARIES = YES;
				BUNDLE_LOADER = "$(TEST_HOST)";
				CODE_SIGN_STYLE = Automatic;
				CURRENT_PROJECT_VERSION = 1;
				DEVELOPMENT_TEAM = CZ5YWYKC63;
				GENERATE_INFOPLIST_FILE = YES;
				IPHONEOS_DEPLOYMENT_TARGET = 16.0;
				MARKETING_VERSION = 1.0;
				PRODUCT_BUNDLE_IDENTIFIER = "junaem.UIKit06-OnBoardingViewTests";
				PRODUCT_NAME = "$(TARGET_NAME)";
				SWIFT_EMIT_LOC_STRINGS = NO;
				SWIFT_VERSION = 5.0;
				TARGETED_DEVICE_FAMILY = "1,2";
				TEST_HOST = "$(BUILT_PRODUCTS_DIR)/UIKit06_OnBoardingView.app/$(BUNDLE_EXECUTABLE_FOLDER_PATH)/UIKit06_OnBoardingView";
			};
			name = Debug;
		};
		E7038C4F28F48028006295B7 /* Release */ = {
			isa = XCBuildConfiguration;
			buildSettings = {
				ALWAYS_EMBED_SWIFT_STANDARD_LIBRARIES = YES;
				BUNDLE_LOADER = "$(TEST_HOST)";
				CODE_SIGN_STYLE = Automatic;
				CURRENT_PROJECT_VERSION = 1;
				DEVELOPMENT_TEAM = CZ5YWYKC63;
				GENERATE_INFOPLIST_FILE = YES;
				IPHONEOS_DEPLOYMENT_TARGET = 16.0;
				MARKETING_VERSION = 1.0;
				PRODUCT_BUNDLE_IDENTIFIER = "junaem.UIKit06-OnBoardingViewTests";
				PRODUCT_NAME = "$(TARGET_NAME)";
				SWIFT_EMIT_LOC_STRINGS = NO;
				SWIFT_VERSION = 5.0;
				TARGETED_DEVICE_FAMILY = "1,2";
				TEST_HOST = "$(BUILT_PRODUCTS_DIR)/UIKit06_OnBoardingView.app/$(BUNDLE_EXECUTABLE_FOLDER_PATH)/UIKit06_OnBoardingView";
			};
			name = Release;
		};
		E7038C5128F48028006295B7 /* Debug */ = {
			isa = XCBuildConfiguration;
			buildSettings = {
				ALWAYS_EMBED_SWIFT_STANDARD_LIBRARIES = YES;
				CODE_SIGN_STYLE = Automatic;
				CURRENT_PROJECT_VERSION = 1;
				DEVELOPMENT_TEAM = CZ5YWYKC63;
				GENERATE_INFOPLIST_FILE = YES;
				MARKETING_VERSION = 1.0;
				PRODUCT_BUNDLE_IDENTIFIER = "junaem.UIKit06-OnBoardingViewUITests";
				PRODUCT_NAME = "$(TARGET_NAME)";
				SWIFT_EMIT_LOC_STRINGS = NO;
				SWIFT_VERSION = 5.0;
				TARGETED_DEVICE_FAMILY = "1,2";
				TEST_TARGET_NAME = UIKit06_OnBoardingView;
			};
			name = Debug;
		};
		E7038C5228F48028006295B7 /* Release */ = {
			isa = XCBuildConfiguration;
			buildSettings = {
				ALWAYS_EMBED_SWIFT_STANDARD_LIBRARIES = YES;
				CODE_SIGN_STYLE = Automatic;
				CURRENT_PROJECT_VERSION = 1;
				DEVELOPMENT_TEAM = CZ5YWYKC63;
				GENERATE_INFOPLIST_FILE = YES;
				MARKETING_VERSION = 1.0;
				PRODUCT_BUNDLE_IDENTIFIER = "junaem.UIKit06-OnBoardingViewUITests";
				PRODUCT_NAME = "$(TARGET_NAME)";
				SWIFT_EMIT_LOC_STRINGS = NO;
				SWIFT_VERSION = 5.0;
				TARGETED_DEVICE_FAMILY = "1,2";
				TEST_TARGET_NAME = UIKit06_OnBoardingView;
			};
			name = Release;
		};
/* End XCBuildConfiguration section */

/* Begin XCConfigurationList section */
		E7038C1B28F48027006295B7 /* Build configuration list for PBXProject "UIKit06_OnBoardingView" */ = {
			isa = XCConfigurationList;
			buildConfigurations = (
				E7038C4828F48028006295B7 /* Debug */,
				E7038C4928F48028006295B7 /* Release */,
			);
			defaultConfigurationIsVisible = 0;
			defaultConfigurationName = Release;
		};
		E7038C4A28F48028006295B7 /* Build configuration list for PBXNativeTarget "UIKit06_OnBoardingView" */ = {
			isa = XCConfigurationList;
			buildConfigurations = (
				E7038C4B28F48028006295B7 /* Debug */,
				E7038C4C28F48028006295B7 /* Release */,
			);
			defaultConfigurationIsVisible = 0;
			defaultConfigurationName = Release;
		};
		E7038C4D28F48028006295B7 /* Build configuration list for PBXNativeTarget "UIKit06_OnBoardingViewTests" */ = {
			isa = XCConfigurationList;
			buildConfigurations = (
				E7038C4E28F48028006295B7 /* Debug */,
				E7038C4F28F48028006295B7 /* Release */,
			);
			defaultConfigurationIsVisible = 0;
			defaultConfigurationName = Release;
		};
		E7038C5028F48028006295B7 /* Build configuration list for PBXNativeTarget "UIKit06_OnBoardingViewUITests" */ = {
			isa = XCConfigurationList;
			buildConfigurations = (
				E7038C5128F48028006295B7 /* Debug */,
				E7038C5228F48028006295B7 /* Release */,
			);
			defaultConfigurationIsVisible = 0;
			defaultConfigurationName = Release;
		};
/* End XCConfigurationList section */
	};
	rootObject = E7038C1828F48027006295B7 /* Project object */;
}
